// !$*UTF8*$!
{
	archiveVersion = 1;
	classes = {
	};
	objectVersion = 55;
	objects = {

/* Begin PBXBuildFile section */
		B705460A27D0812E003630C4 /* BookDetailViewController.swift in Sources */ = {isa = PBXBuildFile; fileRef = B705460927D0812E003630C4 /* BookDetailViewController.swift */; };
		B705460D27D0861D003630C4 /* BookHeader.swift in Sources */ = {isa = PBXBuildFile; fileRef = B705460C27D0861D003630C4 /* BookHeader.swift */; };
		B705461227D0C74E003630C4 /* BookDetailCell.swift in Sources */ = {isa = PBXBuildFile; fileRef = B705461127D0C74D003630C4 /* BookDetailCell.swift */; };
		B706000727DF550F00A50EDE /* BookshelfListViewController.swift in Sources */ = {isa = PBXBuildFile; fileRef = B706000627DF550F00A50EDE /* BookshelfListViewController.swift */; };
		B706000A27DF5CE500A50EDE /* BookshelfDetailViewModel.swift in Sources */ = {isa = PBXBuildFile; fileRef = B706000927DF5CE500A50EDE /* BookshelfDetailViewModel.swift */; };
		B7106C4427D8DFCB009648A0 /* iTunesAPIProvider.swift in Sources */ = {isa = PBXBuildFile; fileRef = B7106C4327D8DFCB009648A0 /* iTunesAPIProvider.swift */; };
		B713B70C27B7DEF500591981 /* AppDelegate.swift in Sources */ = {isa = PBXBuildFile; fileRef = B713B70B27B7DEF500591981 /* AppDelegate.swift */; };
		B713B70E27B7DEF500591981 /* SceneDelegate.swift in Sources */ = {isa = PBXBuildFile; fileRef = B713B70D27B7DEF500591981 /* SceneDelegate.swift */; };
		B713B71627B7DEF500591981 /* Beam_Light.xcdatamodeld in Sources */ = {isa = PBXBuildFile; fileRef = B713B71427B7DEF500591981 /* Beam_Light.xcdatamodeld */; };
		B713B71827B7DEF500591981 /* Assets.xcassets in Resources */ = {isa = PBXBuildFile; fileRef = B713B71727B7DEF500591981 /* Assets.xcassets */; };
		B713B71B27B7DEF500591981 /* LaunchScreen.storyboard in Resources */ = {isa = PBXBuildFile; fileRef = B713B71927B7DEF500591981 /* LaunchScreen.storyboard */; };
		B713E38427CCE14800315020 /* iTunesEndpoint.swift in Sources */ = {isa = PBXBuildFile; fileRef = B713E38327CCE14800315020 /* iTunesEndpoint.swift */; };
		B713E38627CCE33100315020 /* Book.swift in Sources */ = {isa = PBXBuildFile; fileRef = B713E38527CCE33100315020 /* Book.swift */; };
		B713E38827CCE41200315020 /* Books.swift in Sources */ = {isa = PBXBuildFile; fileRef = B713E38727CCE41200315020 /* Books.swift */; };
		B753518027E812F800F4FE7D /* BookViewModel.swift in Sources */ = {isa = PBXBuildFile; fileRef = B753517F27E812F800F4FE7D /* BookViewModel.swift */; };
		B753518227E8285D00F4FE7D /* LoadingView.swift in Sources */ = {isa = PBXBuildFile; fileRef = B753518127E8285D00F4FE7D /* LoadingView.swift */; };
		B761BB4F284C9F0A007BD1D8 /* HTTPClient.swift in Sources */ = {isa = PBXBuildFile; fileRef = B761BB4E284C9F0A007BD1D8 /* HTTPClient.swift */; };
		B761BB54284CA28F007BD1D8 /* Endpoint.swift in Sources */ = {isa = PBXBuildFile; fileRef = B761BB53284CA28F007BD1D8 /* Endpoint.swift */; };
		B761BB57284D6A47007BD1D8 /* Animation.swift in Sources */ = {isa = PBXBuildFile; fileRef = B761BB56284D6A47007BD1D8 /* Animation.swift */; };
		B761BB59284D6AF8007BD1D8 /* UIView+Extension.swift in Sources */ = {isa = PBXBuildFile; fileRef = B761BB58284D6AF8007BD1D8 /* UIView+Extension.swift */; };
		B761BB62284D9C99007BD1D8 /* MockBookshelfDataSource.swift in Sources */ = {isa = PBXBuildFile; fileRef = B761BB61284D9C99007BD1D8 /* MockBookshelfDataSource.swift */; };
		B761BB69284DBD94007BD1D8 /* DiskStorageDataSourceTests.swift in Sources */ = {isa = PBXBuildFile; fileRef = B761BB68284DBD94007BD1D8 /* DiskStorageDataSourceTests.swift */; };
		B761BB6B284DBDD6007BD1D8 /* MockDiskStorage.swift in Sources */ = {isa = PBXBuildFile; fileRef = B761BB6A284DBDD6007BD1D8 /* MockDiskStorage.swift */; };
		B761BB72284DDD36007BD1D8 /* 5.png in Resources */ = {isa = PBXBuildFile; fileRef = B761BB6D284DDD36007BD1D8 /* 5.png */; };
		B761BB73284DDD36007BD1D8 /* 1.png in Resources */ = {isa = PBXBuildFile; fileRef = B761BB6E284DDD36007BD1D8 /* 1.png */; };
		B761BB74284DDD36007BD1D8 /* 2.png in Resources */ = {isa = PBXBuildFile; fileRef = B761BB6F284DDD36007BD1D8 /* 2.png */; };
		B761BB75284DDD36007BD1D8 /* 4.png in Resources */ = {isa = PBXBuildFile; fileRef = B761BB70284DDD36007BD1D8 /* 4.png */; };
		B761BB76284DDD36007BD1D8 /* 3.png in Resources */ = {isa = PBXBuildFile; fileRef = B761BB71284DDD36007BD1D8 /* 3.png */; };
		B76F07CC27BCE34000258A05 /* MainTabViewController.swift in Sources */ = {isa = PBXBuildFile; fileRef = B76F07CB27BCE33F00258A05 /* MainTabViewController.swift */; };
		B76F07CE27BCE4BF00258A05 /* HomeListView.swift in Sources */ = {isa = PBXBuildFile; fileRef = B76F07CD27BCE4BF00258A05 /* HomeListView.swift */; };
		B76F07D027BCE4F000258A05 /* BookshelvesViewController.swift in Sources */ = {isa = PBXBuildFile; fileRef = B76F07CF27BCE4F000258A05 /* BookshelvesViewController.swift */; };
		B76F07D527BD026300258A05 /* EmptyBookshelvesCell.swift in Sources */ = {isa = PBXBuildFile; fileRef = B76F07D427BD026300258A05 /* EmptyBookshelvesCell.swift */; };
		B76F07D827BD027F00258A05 /* ReuseableView.swift in Sources */ = {isa = PBXBuildFile; fileRef = B76F07D727BD027F00258A05 /* ReuseableView.swift */; };
		B76F07E027BD0E3800258A05 /* UIVIewController+Extension.swift in Sources */ = {isa = PBXBuildFile; fileRef = B76F07DF27BD0E3800258A05 /* UIVIewController+Extension.swift */; };
		B76F07E227BD108F00258A05 /* SearchResultViewController.swift in Sources */ = {isa = PBXBuildFile; fileRef = B76F07E127BD108F00258A05 /* SearchResultViewController.swift */; };
		B76F07E427BD1B1500258A05 /* Const.swift in Sources */ = {isa = PBXBuildFile; fileRef = B76F07E327BD1B1400258A05 /* Const.swift */; };
		B76F07EA27BD276300258A05 /* HTTPMethod.swift in Sources */ = {isa = PBXBuildFile; fileRef = B76F07E927BD276300258A05 /* HTTPMethod.swift */; };
		B76F07EC27BD286C00258A05 /* NetworkingError.swift in Sources */ = {isa = PBXBuildFile; fileRef = B76F07EB27BD286C00258A05 /* NetworkingError.swift */; };
		B772CD9227E2B9CD00D9B3C5 /* Analytics.swift in Sources */ = {isa = PBXBuildFile; fileRef = B772CD9127E2B9CD00D9B3C5 /* Analytics.swift */; };
		B78051CE286F1B0100BAD2B6 /* MainCompositeTests.swift in Sources */ = {isa = PBXBuildFile; fileRef = B78051CD286F1B0100BAD2B6 /* MainCompositeTests.swift */; };
		B78051D1286F1BBD00BAD2B6 /* MockCreateBookshelfUseCase.swift in Sources */ = {isa = PBXBuildFile; fileRef = B78051D0286F1BBD00BAD2B6 /* MockCreateBookshelfUseCase.swift */; };
		B78051D3286F1BDF00BAD2B6 /* MockDeleteBookshelfUseCase.swift in Sources */ = {isa = PBXBuildFile; fileRef = B78051D2286F1BDF00BAD2B6 /* MockDeleteBookshelfUseCase.swift */; };
		B78051D5286F1C1F00BAD2B6 /* MockUpdateBookshelfUseCase.swift in Sources */ = {isa = PBXBuildFile; fileRef = B78051D4286F1C1F00BAD2B6 /* MockUpdateBookshelfUseCase.swift */; };
		B78051D7286F1C4700BAD2B6 /* MockGetAllBookshelfUseCase.swift in Sources */ = {isa = PBXBuildFile; fileRef = B78051D6286F1C4700BAD2B6 /* MockGetAllBookshelfUseCase.swift */; };
		B78051D9286F25A400BAD2B6 /* HomeContainerViewTests.swift in Sources */ = {isa = PBXBuildFile; fileRef = B78051D8286F25A400BAD2B6 /* HomeContainerViewTests.swift */; };
		B78051DB286F27A000BAD2B6 /* HomeSearchViewTests.swift in Sources */ = {isa = PBXBuildFile; fileRef = B78051DA286F27A000BAD2B6 /* HomeSearchViewTests.swift */; };
		B78051DD286F305300BAD2B6 /* HomeListViewTests.swift in Sources */ = {isa = PBXBuildFile; fileRef = B78051DC286F305300BAD2B6 /* HomeListViewTests.swift */; };
		B78051DF2870393200BAD2B6 /* SearchResultViewTests.swift in Sources */ = {isa = PBXBuildFile; fileRef = B78051DE2870393200BAD2B6 /* SearchResultViewTests.swift */; };
		B78051E32870502500BAD2B6 /* BookDetailViewTests.swift in Sources */ = {isa = PBXBuildFile; fileRef = B78051E22870502500BAD2B6 /* BookDetailViewTests.swift */; };
		B7A3E18A284DDF540047F563 /* README.md in Resources */ = {isa = PBXBuildFile; fileRef = B7A3E189284DDF540047F563 /* README.md */; };
		B7A3E18C284DE2BB0047F563 /* screens.png in Resources */ = {isa = PBXBuildFile; fileRef = B7A3E18B284DE2BB0047F563 /* screens.png */; };
		B7A3E190284E0A990047F563 /* beam_light_Store_ICON.png in Resources */ = {isa = PBXBuildFile; fileRef = B7A3E18F284E0A990047F563 /* beam_light_Store_ICON.png */; };
		B7A4C40F2848E9AE000A9DB3 /* SDWebImage in Frameworks */ = {isa = PBXBuildFile; productRef = B7A4C40E2848E9AE000A9DB3 /* SDWebImage */; };
		B7A4C41D2848F52A000A9DB3 /* StorageErrors.swift in Sources */ = {isa = PBXBuildFile; fileRef = B7A4C41C2848F52A000A9DB3 /* StorageErrors.swift */; };
		B7A4C4212848F61C000A9DB3 /* BookshelfRepositoryProtocol.swift in Sources */ = {isa = PBXBuildFile; fileRef = B7A4C4202848F61C000A9DB3 /* BookshelfRepositoryProtocol.swift */; };
		B7A4C4242848F6DC000A9DB3 /* BookshelfRepository.swift in Sources */ = {isa = PBXBuildFile; fileRef = B7A4C4232848F6DC000A9DB3 /* BookshelfRepository.swift */; };
		B7A4C4272848F78E000A9DB3 /* DiskStorageError.swift in Sources */ = {isa = PBXBuildFile; fileRef = B7A4C4262848F78E000A9DB3 /* DiskStorageError.swift */; };
		B7A4C42E2848F809000A9DB3 /* BookshelfDataSourceProtocol.swift in Sources */ = {isa = PBXBuildFile; fileRef = B7A4C42D2848F809000A9DB3 /* BookshelfDataSourceProtocol.swift */; };
		B7A4C4312848F878000A9DB3 /* DiskStorageBookshelfDataSource.swift in Sources */ = {isa = PBXBuildFile; fileRef = B7A4C4302848F878000A9DB3 /* DiskStorageBookshelfDataSource.swift */; };
		B7A4C4342848F93E000A9DB3 /* DiskStorageWrapper.swift in Sources */ = {isa = PBXBuildFile; fileRef = B7A4C4332848F93E000A9DB3 /* DiskStorageWrapper.swift */; };
		B7A4C4372848F97E000A9DB3 /* DiskStorageWrapperProtocol.swift in Sources */ = {isa = PBXBuildFile; fileRef = B7A4C4362848F97E000A9DB3 /* DiskStorageWrapperProtocol.swift */; };
		B7AA85CA2849C07100F47B21 /* DiskStorage.swift in Sources */ = {isa = PBXBuildFile; fileRef = B7AA85C92849C07100F47B21 /* DiskStorage.swift */; };
		B7AA85CE2849CFC800F47B21 /* GetAllBookshelf.swift in Sources */ = {isa = PBXBuildFile; fileRef = B7AA85CD2849CFC800F47B21 /* GetAllBookshelf.swift */; };
		B7AA85D22849CFFF00F47B21 /* GetAllBookshelfUseCaseProtocol.swift in Sources */ = {isa = PBXBuildFile; fileRef = B7AA85D12849CFFF00F47B21 /* GetAllBookshelfUseCaseProtocol.swift */; };
		B7C1FDE427DAC478004EB3D1 /* BookshelvesViewModel.swift in Sources */ = {isa = PBXBuildFile; fileRef = B7C1FDE327DAC477004EB3D1 /* BookshelvesViewModel.swift */; };
		B7C1FDE627DAC829004EB3D1 /* BookshelfCollectionViewCell.swift in Sources */ = {isa = PBXBuildFile; fileRef = B7C1FDE527DAC829004EB3D1 /* BookshelfCollectionViewCell.swift */; };
		B7C1FDE827DB5A74004EB3D1 /* BookCoverCell.swift in Sources */ = {isa = PBXBuildFile; fileRef = B7C1FDE727DB5A74004EB3D1 /* BookCoverCell.swift */; };
		B7C1FDEA27DC4E36004EB3D1 /* BookshelfDetailViewController.swift in Sources */ = {isa = PBXBuildFile; fileRef = B7C1FDE927DC4E36004EB3D1 /* BookshelfDetailViewController.swift */; };
		B7C2360E284A42660065BD42 /* CreateBookshelf.swift in Sources */ = {isa = PBXBuildFile; fileRef = B7C2360D284A42660065BD42 /* CreateBookshelf.swift */; };
		B7C23610284A428B0065BD42 /* CreateBookshelfUseCaseProtocol.swift in Sources */ = {isa = PBXBuildFile; fileRef = B7C2360F284A428B0065BD42 /* CreateBookshelfUseCaseProtocol.swift */; };
		B7C23613284A48100065BD42 /* Swinject in Frameworks */ = {isa = PBXBuildFile; productRef = B7C23612284A48100065BD42 /* Swinject */; };
		B7C23616284A482A0065BD42 /* BookshelfContainer.swift in Sources */ = {isa = PBXBuildFile; fileRef = B7C23615284A482A0065BD42 /* BookshelfContainer.swift */; };
		B7C23618284A4A090065BD42 /* Resolver.swift in Sources */ = {isa = PBXBuildFile; fileRef = B7C23617284A4A090065BD42 /* Resolver.swift */; };
		B7C2361D284AEDF80065BD42 /* EmptyBookshelfCreationView.swift in Sources */ = {isa = PBXBuildFile; fileRef = B7C2361C284AEDF80065BD42 /* EmptyBookshelfCreationView.swift */; };
		B7C2361F284AFB320065BD42 /* DeleteBookshelfUseCaseProtocol.swift in Sources */ = {isa = PBXBuildFile; fileRef = B7C2361E284AFB320065BD42 /* DeleteBookshelfUseCaseProtocol.swift */; };
		B7C23621284AFB6B0065BD42 /* DeleteBookshelf.swift in Sources */ = {isa = PBXBuildFile; fileRef = B7C23620284AFB6B0065BD42 /* DeleteBookshelf.swift */; };
		B7C23646284B93BE0065BD42 /* Notification+Extension.swift in Sources */ = {isa = PBXBuildFile; fileRef = B7C23645284B93BD0065BD42 /* Notification+Extension.swift */; };
		B7C23649284B99E60065BD42 /* UpdateBookshelfUseCaseProtocol.swift in Sources */ = {isa = PBXBuildFile; fileRef = B7C23648284B99E60065BD42 /* UpdateBookshelfUseCaseProtocol.swift */; };
		B7C2364B284B9CB30065BD42 /* UpdateBookshelfUseCase.swift in Sources */ = {isa = PBXBuildFile; fileRef = B7C2364A284B9CB30065BD42 /* UpdateBookshelfUseCase.swift */; };
		B7C2364D284BA6580065BD42 /* BookshelfListViewModel.swift in Sources */ = {isa = PBXBuildFile; fileRef = B7C2364C284BA6580065BD42 /* BookshelfListViewModel.swift */; };
		B7C79592286AE9AE0042B1AC /* UIViewController+Extension.swift in Sources */ = {isa = PBXBuildFile; fileRef = B7C79591286AE9AE0042B1AC /* UIViewController+Extension.swift */; };
		B7C79596286B18BA0042B1AC /* BookModelTests.swift in Sources */ = {isa = PBXBuildFile; fileRef = B7C79595286B18B90042B1AC /* BookModelTests.swift */; };
		B7C79598286B1D050042B1AC /* BooksModelTests.swift in Sources */ = {isa = PBXBuildFile; fileRef = B7C79597286B1D050042B1AC /* BooksModelTests.swift */; };
		B7C7959A286B1DB20042B1AC /* BookshelfModelTests.swift in Sources */ = {isa = PBXBuildFile; fileRef = B7C79599286B1DB20042B1AC /* BookshelfModelTests.swift */; };
		B7C7959D286B1EE10042B1AC /* BookFactory.swift in Sources */ = {isa = PBXBuildFile; fileRef = B7C7959C286B1EE10042B1AC /* BookFactory.swift */; };
		B7C795A2286B1FB70042B1AC /* BookViewModelTests.swift in Sources */ = {isa = PBXBuildFile; fileRef = B7C795A1286B1FB70042B1AC /* BookViewModelTests.swift */; };
		B7C795A4286B22080042B1AC /* BookshelvesViewModelTests.swift in Sources */ = {isa = PBXBuildFile; fileRef = B7C795A3286B22080042B1AC /* BookshelvesViewModelTests.swift */; };
		B7CDDBB227CE28F500C47E63 /* BookTableViewCell.swift in Sources */ = {isa = PBXBuildFile; fileRef = B7CDDBB127CE28F500C47E63 /* BookTableViewCell.swift */; };
		B7CDDBB627CE2CAE00C47E63 /* RatingView.swift in Sources */ = {isa = PBXBuildFile; fileRef = B7CDDBB527CE2CAE00C47E63 /* RatingView.swift */; };
		B7CDDBB827CE520200C47E63 /* BooksViewModel.swift in Sources */ = {isa = PBXBuildFile; fileRef = B7CDDBB727CE520200C47E63 /* BooksViewModel.swift */; };
		B7CDDBBE27CF875100C47E63 /* SearchResultPresentable.swift in Sources */ = {isa = PBXBuildFile; fileRef = B7CDDBBD27CF875100C47E63 /* SearchResultPresentable.swift */; };
		B7CDDBC027CF8C1F00C47E63 /* String+Extension.swift in Sources */ = {isa = PBXBuildFile; fileRef = B7CDDBBF27CF8C1F00C47E63 /* String+Extension.swift */; };
		B7D5FDF6286C5B8F000460E9 /* BookshelfViewModelTests.swift in Sources */ = {isa = PBXBuildFile; fileRef = B7D5FDF5286C5B8F000460E9 /* BookshelfViewModelTests.swift */; };
		B7D5FDFB286C624B000460E9 /* CollectionViewLayoutFactory.swift in Sources */ = {isa = PBXBuildFile; fileRef = B7D5FDFA286C624B000460E9 /* CollectionViewLayoutFactory.swift */; };
		B7D5FDFD286C7F6D000460E9 /* HomeViewContainerView.swift in Sources */ = {isa = PBXBuildFile; fileRef = B7D5FDFC286C7F6D000460E9 /* HomeViewContainerView.swift */; };
		B7D5FDFF286C849B000460E9 /* HomeSearchView.swift in Sources */ = {isa = PBXBuildFile; fileRef = B7D5FDFE286C849B000460E9 /* HomeSearchView.swift */; };
		B7D5FE01286C8DB3000460E9 /* MainComposite.swift in Sources */ = {isa = PBXBuildFile; fileRef = B7D5FE00286C8DB3000460E9 /* MainComposite.swift */; };
		B7E345B027D328D300A86547 /* Bookshelf.swift in Sources */ = {isa = PBXBuildFile; fileRef = B7E345AF27D328D300A86547 /* Bookshelf.swift */; };
		B7E345B227D33CDE00A86547 /* BookshelfViewModel.swift in Sources */ = {isa = PBXBuildFile; fileRef = B7E345B127D33CDE00A86547 /* BookshelfViewModel.swift */; };
		B7E345B427D33DFB00A86547 /* BookshelfCell.swift in Sources */ = {isa = PBXBuildFile; fileRef = B7E345B327D33DFB00A86547 /* BookshelfCell.swift */; };
		B7E345B727D36B3D00A86547 /* BookshelfFooter.swift in Sources */ = {isa = PBXBuildFile; fileRef = B7E345B627D36B3D00A86547 /* BookshelfFooter.swift */; };
		B7E345B927D3711900A86547 /* CreateBookshelfViewController.swift in Sources */ = {isa = PBXBuildFile; fileRef = B7E345B827D3711900A86547 /* CreateBookshelfViewController.swift */; };
		B7E345BB27D37F9200A86547 /* PaddingTextField.swift in Sources */ = {isa = PBXBuildFile; fileRef = B7E345BA27D37F9200A86547 /* PaddingTextField.swift */; };
		B7E345BD27D386E700A86547 /* DiskStorageService.swift in Sources */ = {isa = PBXBuildFile; fileRef = B7E345BC27D386E700A86547 /* DiskStorageService.swift */; };
		B7E345BF27D3882400A86547 /* StorageService.swift in Sources */ = {isa = PBXBuildFile; fileRef = B7E345BE27D3882400A86547 /* StorageService.swift */; };
		B7E6D7D12871CA99004962DE /* EmptyBookshelfCellTests.swift in Sources */ = {isa = PBXBuildFile; fileRef = B7E6D7D02871CA99004962DE /* EmptyBookshelfCellTests.swift */; };
		B7E6D7D32871CC03004962DE /* BookshelfCollectionViewCellTests.swift in Sources */ = {isa = PBXBuildFile; fileRef = B7E6D7D22871CC03004962DE /* BookshelfCollectionViewCellTests.swift */; };
		B7E6D7D52872B4F5004962DE /* CreateBookshelfViewTests.swift in Sources */ = {isa = PBXBuildFile; fileRef = B7E6D7D42872B4F5004962DE /* CreateBookshelfViewTests.swift */; };
		B7E6D7D82872BC85004962DE /* BookshelvesViewTests.swift in Sources */ = {isa = PBXBuildFile; fileRef = B7E6D7D72872BC85004962DE /* BookshelvesViewTests.swift */; };
		B7E6D7DB2872C0AB004962DE /* BookshelfFooterTests.swift in Sources */ = {isa = PBXBuildFile; fileRef = B7E6D7DA2872C0AB004962DE /* BookshelfFooterTests.swift */; };
		B7E6D7DD2872D67A004962DE /* BookshelfDetailViewModelTests.swift in Sources */ = {isa = PBXBuildFile; fileRef = B7E6D7DC2872D67A004962DE /* BookshelfDetailViewModelTests.swift */; };
		B7E6D7DF2872D759004962DE /* BookDetailCellTests.swift in Sources */ = {isa = PBXBuildFile; fileRef = B7E6D7DE2872D759004962DE /* BookDetailCellTests.swift */; };
		B7E6D7E12872DC23004962DE /* BookHeaderTests.swift in Sources */ = {isa = PBXBuildFile; fileRef = B7E6D7E02872DC23004962DE /* BookHeaderTests.swift */; };
		B7E6D7E32872E108004962DE /* BookshelfCellTests.swift in Sources */ = {isa = PBXBuildFile; fileRef = B7E6D7E22872E108004962DE /* BookshelfCellTests.swift */; };
		B7E6D7E52872E639004962DE /* BookshelfDetailViewTests.swift in Sources */ = {isa = PBXBuildFile; fileRef = B7E6D7E42872E639004962DE /* BookshelfDetailViewTests.swift */; };
		B7E6D7E82872E8BA004962DE /* PaddingTextFieldTests.swift in Sources */ = {isa = PBXBuildFile; fileRef = B7E6D7E72872E8BA004962DE /* PaddingTextFieldTests.swift */; };
		B7E6D7EA2872EAB2004962DE /* ConstTests.swift in Sources */ = {isa = PBXBuildFile; fileRef = B7E6D7E92872EAB2004962DE /* ConstTests.swift */; };
		B7E6D81A2873B462004962DE /* AnimationTests.swift in Sources */ = {isa = PBXBuildFile; fileRef = B7E6D8192873B462004962DE /* AnimationTests.swift */; };
		B7E6D81F2873B8E9004962DE /* iTunesEndPointTests.swift in Sources */ = {isa = PBXBuildFile; fileRef = B7E6D81E2873B8E9004962DE /* iTunesEndPointTests.swift */; };
		B7E6D8212873BC3C004962DE /* iTunesAPIProviderTests.swift in Sources */ = {isa = PBXBuildFile; fileRef = B7E6D8202873BC3C004962DE /* iTunesAPIProviderTests.swift */; };
		B7E6D8242873C54B004962DE /* BookshelfListViewModelTests.swift in Sources */ = {isa = PBXBuildFile; fileRef = B7E6D8232873C54B004962DE /* BookshelfListViewModelTests.swift */; };
/* End PBXBuildFile section */

/* Begin PBXContainerItemProxy section */
		B753518B27E8A8BB00F4FE7D /* PBXContainerItemProxy */ = {
			isa = PBXContainerItemProxy;
			containerPortal = B713B70027B7DEF400591981 /* Project object */;
			proxyType = 1;
			remoteGlobalIDString = B713B70727B7DEF500591981;
			remoteInfo = "Beam Light";
		};
/* End PBXContainerItemProxy section */

/* Begin PBXFileReference section */
		B705460927D0812E003630C4 /* BookDetailViewController.swift */ = {isa = PBXFileReference; lastKnownFileType = sourcecode.swift; path = BookDetailViewController.swift; sourceTree = "<group>"; };
		B705460C27D0861D003630C4 /* BookHeader.swift */ = {isa = PBXFileReference; lastKnownFileType = sourcecode.swift; path = BookHeader.swift; sourceTree = "<group>"; };
		B705461127D0C74D003630C4 /* BookDetailCell.swift */ = {isa = PBXFileReference; lastKnownFileType = sourcecode.swift; path = BookDetailCell.swift; sourceTree = "<group>"; };
		B706000627DF550F00A50EDE /* BookshelfListViewController.swift */ = {isa = PBXFileReference; lastKnownFileType = sourcecode.swift; path = BookshelfListViewController.swift; sourceTree = "<group>"; };
		B706000927DF5CE500A50EDE /* BookshelfDetailViewModel.swift */ = {isa = PBXFileReference; lastKnownFileType = sourcecode.swift; path = BookshelfDetailViewModel.swift; sourceTree = "<group>"; };
		B7106C4327D8DFCB009648A0 /* iTunesAPIProvider.swift */ = {isa = PBXFileReference; lastKnownFileType = sourcecode.swift; path = iTunesAPIProvider.swift; sourceTree = "<group>"; };
		B713B70827B7DEF500591981 /* Beam Light.app */ = {isa = PBXFileReference; explicitFileType = wrapper.application; includeInIndex = 0; path = "Beam Light.app"; sourceTree = BUILT_PRODUCTS_DIR; };
		B713B70B27B7DEF500591981 /* AppDelegate.swift */ = {isa = PBXFileReference; lastKnownFileType = sourcecode.swift; path = AppDelegate.swift; sourceTree = "<group>"; };
		B713B70D27B7DEF500591981 /* SceneDelegate.swift */ = {isa = PBXFileReference; lastKnownFileType = sourcecode.swift; path = SceneDelegate.swift; sourceTree = "<group>"; };
		B713B71527B7DEF500591981 /* Beam_Light.xcdatamodel */ = {isa = PBXFileReference; lastKnownFileType = wrapper.xcdatamodel; path = Beam_Light.xcdatamodel; sourceTree = "<group>"; };
		B713B71727B7DEF500591981 /* Assets.xcassets */ = {isa = PBXFileReference; lastKnownFileType = folder.assetcatalog; path = Assets.xcassets; sourceTree = "<group>"; };
		B713B71A27B7DEF500591981 /* Base */ = {isa = PBXFileReference; lastKnownFileType = file.storyboard; name = Base; path = Base.lproj/LaunchScreen.storyboard; sourceTree = "<group>"; };
		B713B71C27B7DEF500591981 /* Info.plist */ = {isa = PBXFileReference; lastKnownFileType = text.plist.xml; path = Info.plist; sourceTree = "<group>"; };
		B713E38327CCE14800315020 /* iTunesEndpoint.swift */ = {isa = PBXFileReference; lastKnownFileType = sourcecode.swift; path = iTunesEndpoint.swift; sourceTree = "<group>"; };
		B713E38527CCE33100315020 /* Book.swift */ = {isa = PBXFileReference; lastKnownFileType = sourcecode.swift; path = Book.swift; sourceTree = "<group>"; };
		B713E38727CCE41200315020 /* Books.swift */ = {isa = PBXFileReference; lastKnownFileType = sourcecode.swift; path = Books.swift; sourceTree = "<group>"; };
		B753517F27E812F800F4FE7D /* BookViewModel.swift */ = {isa = PBXFileReference; lastKnownFileType = sourcecode.swift; path = BookViewModel.swift; sourceTree = "<group>"; };
		B753518127E8285D00F4FE7D /* LoadingView.swift */ = {isa = PBXFileReference; lastKnownFileType = sourcecode.swift; path = LoadingView.swift; sourceTree = "<group>"; };
		B753518727E8A8BB00F4FE7D /* Beam LightTests.xctest */ = {isa = PBXFileReference; explicitFileType = wrapper.cfbundle; includeInIndex = 0; path = "Beam LightTests.xctest"; sourceTree = BUILT_PRODUCTS_DIR; };
		B761BB4E284C9F0A007BD1D8 /* HTTPClient.swift */ = {isa = PBXFileReference; lastKnownFileType = sourcecode.swift; path = HTTPClient.swift; sourceTree = "<group>"; };
		B761BB53284CA28F007BD1D8 /* Endpoint.swift */ = {isa = PBXFileReference; lastKnownFileType = sourcecode.swift; path = Endpoint.swift; sourceTree = "<group>"; };
		B761BB56284D6A47007BD1D8 /* Animation.swift */ = {isa = PBXFileReference; lastKnownFileType = sourcecode.swift; path = Animation.swift; sourceTree = "<group>"; };
		B761BB58284D6AF8007BD1D8 /* UIView+Extension.swift */ = {isa = PBXFileReference; lastKnownFileType = sourcecode.swift; path = "UIView+Extension.swift"; sourceTree = "<group>"; };
		B761BB61284D9C99007BD1D8 /* MockBookshelfDataSource.swift */ = {isa = PBXFileReference; lastKnownFileType = sourcecode.swift; path = MockBookshelfDataSource.swift; sourceTree = "<group>"; };
		B761BB68284DBD94007BD1D8 /* DiskStorageDataSourceTests.swift */ = {isa = PBXFileReference; lastKnownFileType = sourcecode.swift; path = DiskStorageDataSourceTests.swift; sourceTree = "<group>"; };
		B761BB6A284DBDD6007BD1D8 /* MockDiskStorage.swift */ = {isa = PBXFileReference; lastKnownFileType = sourcecode.swift; path = MockDiskStorage.swift; sourceTree = "<group>"; };
		B761BB6D284DDD36007BD1D8 /* 5.png */ = {isa = PBXFileReference; lastKnownFileType = image.png; path = 5.png; sourceTree = "<group>"; };
		B761BB6E284DDD36007BD1D8 /* 1.png */ = {isa = PBXFileReference; lastKnownFileType = image.png; path = 1.png; sourceTree = "<group>"; };
		B761BB6F284DDD36007BD1D8 /* 2.png */ = {isa = PBXFileReference; lastKnownFileType = image.png; path = 2.png; sourceTree = "<group>"; };
		B761BB70284DDD36007BD1D8 /* 4.png */ = {isa = PBXFileReference; lastKnownFileType = image.png; path = 4.png; sourceTree = "<group>"; };
		B761BB71284DDD36007BD1D8 /* 3.png */ = {isa = PBXFileReference; lastKnownFileType = image.png; path = 3.png; sourceTree = "<group>"; };
		B76F07CB27BCE33F00258A05 /* MainTabViewController.swift */ = {isa = PBXFileReference; lastKnownFileType = sourcecode.swift; path = MainTabViewController.swift; sourceTree = "<group>"; };
		B76F07CD27BCE4BF00258A05 /* HomeListView.swift */ = {isa = PBXFileReference; lastKnownFileType = sourcecode.swift; path = HomeListView.swift; sourceTree = "<group>"; };
		B76F07CF27BCE4F000258A05 /* BookshelvesViewController.swift */ = {isa = PBXFileReference; lastKnownFileType = sourcecode.swift; path = BookshelvesViewController.swift; sourceTree = "<group>"; };
		B76F07D427BD026300258A05 /* EmptyBookshelvesCell.swift */ = {isa = PBXFileReference; lastKnownFileType = sourcecode.swift; path = EmptyBookshelvesCell.swift; sourceTree = "<group>"; };
		B76F07D727BD027F00258A05 /* ReuseableView.swift */ = {isa = PBXFileReference; lastKnownFileType = sourcecode.swift; path = ReuseableView.swift; sourceTree = "<group>"; };
		B76F07DF27BD0E3800258A05 /* UIVIewController+Extension.swift */ = {isa = PBXFileReference; lastKnownFileType = sourcecode.swift; path = "UIVIewController+Extension.swift"; sourceTree = "<group>"; };
		B76F07E127BD108F00258A05 /* SearchResultViewController.swift */ = {isa = PBXFileReference; lastKnownFileType = sourcecode.swift; path = SearchResultViewController.swift; sourceTree = "<group>"; };
		B76F07E327BD1B1400258A05 /* Const.swift */ = {isa = PBXFileReference; lastKnownFileType = sourcecode.swift; path = Const.swift; sourceTree = "<group>"; };
		B76F07E927BD276300258A05 /* HTTPMethod.swift */ = {isa = PBXFileReference; lastKnownFileType = sourcecode.swift; path = HTTPMethod.swift; sourceTree = "<group>"; };
		B76F07EB27BD286C00258A05 /* NetworkingError.swift */ = {isa = PBXFileReference; lastKnownFileType = sourcecode.swift; path = NetworkingError.swift; sourceTree = "<group>"; };
		B772CD9127E2B9CD00D9B3C5 /* Analytics.swift */ = {isa = PBXFileReference; lastKnownFileType = sourcecode.swift; path = Analytics.swift; sourceTree = "<group>"; };
		B78051CD286F1B0100BAD2B6 /* MainCompositeTests.swift */ = {isa = PBXFileReference; lastKnownFileType = sourcecode.swift; path = MainCompositeTests.swift; sourceTree = "<group>"; };
		B78051D0286F1BBD00BAD2B6 /* MockCreateBookshelfUseCase.swift */ = {isa = PBXFileReference; lastKnownFileType = sourcecode.swift; path = MockCreateBookshelfUseCase.swift; sourceTree = "<group>"; };
		B78051D2286F1BDF00BAD2B6 /* MockDeleteBookshelfUseCase.swift */ = {isa = PBXFileReference; lastKnownFileType = sourcecode.swift; path = MockDeleteBookshelfUseCase.swift; sourceTree = "<group>"; };
		B78051D4286F1C1F00BAD2B6 /* MockUpdateBookshelfUseCase.swift */ = {isa = PBXFileReference; lastKnownFileType = sourcecode.swift; path = MockUpdateBookshelfUseCase.swift; sourceTree = "<group>"; };
		B78051D6286F1C4700BAD2B6 /* MockGetAllBookshelfUseCase.swift */ = {isa = PBXFileReference; lastKnownFileType = sourcecode.swift; path = MockGetAllBookshelfUseCase.swift; sourceTree = "<group>"; };
		B78051D8286F25A400BAD2B6 /* HomeContainerViewTests.swift */ = {isa = PBXFileReference; lastKnownFileType = sourcecode.swift; path = HomeContainerViewTests.swift; sourceTree = "<group>"; };
		B78051DA286F27A000BAD2B6 /* HomeSearchViewTests.swift */ = {isa = PBXFileReference; lastKnownFileType = sourcecode.swift; path = HomeSearchViewTests.swift; sourceTree = "<group>"; };
		B78051DC286F305300BAD2B6 /* HomeListViewTests.swift */ = {isa = PBXFileReference; lastKnownFileType = sourcecode.swift; path = HomeListViewTests.swift; sourceTree = "<group>"; };
		B78051DE2870393200BAD2B6 /* SearchResultViewTests.swift */ = {isa = PBXFileReference; lastKnownFileType = sourcecode.swift; path = SearchResultViewTests.swift; sourceTree = "<group>"; };
		B78051E22870502500BAD2B6 /* BookDetailViewTests.swift */ = {isa = PBXFileReference; lastKnownFileType = sourcecode.swift; path = BookDetailViewTests.swift; sourceTree = "<group>"; };
		B7A3E189284DDF540047F563 /* README.md */ = {isa = PBXFileReference; fileEncoding = 4; lastKnownFileType = net.daringfireball.markdown; path = README.md; sourceTree = "<group>"; };
		B7A3E18B284DE2BB0047F563 /* screens.png */ = {isa = PBXFileReference; lastKnownFileType = image.png; path = screens.png; sourceTree = "<group>"; };
		B7A3E18F284E0A990047F563 /* beam_light_Store_ICON.png */ = {isa = PBXFileReference; lastKnownFileType = image.png; path = beam_light_Store_ICON.png; sourceTree = "<group>"; };
		B7A4C41C2848F52A000A9DB3 /* StorageErrors.swift */ = {isa = PBXFileReference; lastKnownFileType = sourcecode.swift; path = StorageErrors.swift; sourceTree = "<group>"; };
		B7A4C4202848F61C000A9DB3 /* BookshelfRepositoryProtocol.swift */ = {isa = PBXFileReference; lastKnownFileType = sourcecode.swift; path = BookshelfRepositoryProtocol.swift; sourceTree = "<group>"; };
		B7A4C4232848F6DC000A9DB3 /* BookshelfRepository.swift */ = {isa = PBXFileReference; lastKnownFileType = sourcecode.swift; path = BookshelfRepository.swift; sourceTree = "<group>"; };
		B7A4C4262848F78E000A9DB3 /* DiskStorageError.swift */ = {isa = PBXFileReference; lastKnownFileType = sourcecode.swift; path = DiskStorageError.swift; sourceTree = "<group>"; };
		B7A4C42D2848F809000A9DB3 /* BookshelfDataSourceProtocol.swift */ = {isa = PBXFileReference; lastKnownFileType = sourcecode.swift; path = BookshelfDataSourceProtocol.swift; sourceTree = "<group>"; };
		B7A4C4302848F878000A9DB3 /* DiskStorageBookshelfDataSource.swift */ = {isa = PBXFileReference; lastKnownFileType = sourcecode.swift; path = DiskStorageBookshelfDataSource.swift; sourceTree = "<group>"; };
		B7A4C4332848F93E000A9DB3 /* DiskStorageWrapper.swift */ = {isa = PBXFileReference; lastKnownFileType = sourcecode.swift; path = DiskStorageWrapper.swift; sourceTree = "<group>"; };
		B7A4C4362848F97E000A9DB3 /* DiskStorageWrapperProtocol.swift */ = {isa = PBXFileReference; lastKnownFileType = sourcecode.swift; path = DiskStorageWrapperProtocol.swift; sourceTree = "<group>"; };
		B7AA85C92849C07100F47B21 /* DiskStorage.swift */ = {isa = PBXFileReference; lastKnownFileType = sourcecode.swift; path = DiskStorage.swift; sourceTree = "<group>"; };
		B7AA85CD2849CFC800F47B21 /* GetAllBookshelf.swift */ = {isa = PBXFileReference; lastKnownFileType = sourcecode.swift; path = GetAllBookshelf.swift; sourceTree = "<group>"; };
		B7AA85D12849CFFF00F47B21 /* GetAllBookshelfUseCaseProtocol.swift */ = {isa = PBXFileReference; lastKnownFileType = sourcecode.swift; path = GetAllBookshelfUseCaseProtocol.swift; sourceTree = "<group>"; };
		B7C1FDE327DAC477004EB3D1 /* BookshelvesViewModel.swift */ = {isa = PBXFileReference; lastKnownFileType = sourcecode.swift; path = BookshelvesViewModel.swift; sourceTree = "<group>"; };
		B7C1FDE527DAC829004EB3D1 /* BookshelfCollectionViewCell.swift */ = {isa = PBXFileReference; lastKnownFileType = sourcecode.swift; path = BookshelfCollectionViewCell.swift; sourceTree = "<group>"; };
		B7C1FDE727DB5A74004EB3D1 /* BookCoverCell.swift */ = {isa = PBXFileReference; lastKnownFileType = sourcecode.swift; path = BookCoverCell.swift; sourceTree = "<group>"; };
		B7C1FDE927DC4E36004EB3D1 /* BookshelfDetailViewController.swift */ = {isa = PBXFileReference; lastKnownFileType = sourcecode.swift; path = BookshelfDetailViewController.swift; sourceTree = "<group>"; };
		B7C2360D284A42660065BD42 /* CreateBookshelf.swift */ = {isa = PBXFileReference; lastKnownFileType = sourcecode.swift; path = CreateBookshelf.swift; sourceTree = "<group>"; };
		B7C2360F284A428B0065BD42 /* CreateBookshelfUseCaseProtocol.swift */ = {isa = PBXFileReference; lastKnownFileType = sourcecode.swift; path = CreateBookshelfUseCaseProtocol.swift; sourceTree = "<group>"; };
		B7C23615284A482A0065BD42 /* BookshelfContainer.swift */ = {isa = PBXFileReference; lastKnownFileType = sourcecode.swift; path = BookshelfContainer.swift; sourceTree = "<group>"; };
		B7C23617284A4A090065BD42 /* Resolver.swift */ = {isa = PBXFileReference; lastKnownFileType = sourcecode.swift; path = Resolver.swift; sourceTree = "<group>"; };
		B7C2361C284AEDF80065BD42 /* EmptyBookshelfCreationView.swift */ = {isa = PBXFileReference; lastKnownFileType = sourcecode.swift; path = EmptyBookshelfCreationView.swift; sourceTree = "<group>"; };
		B7C2361E284AFB320065BD42 /* DeleteBookshelfUseCaseProtocol.swift */ = {isa = PBXFileReference; lastKnownFileType = sourcecode.swift; path = DeleteBookshelfUseCaseProtocol.swift; sourceTree = "<group>"; };
		B7C23620284AFB6B0065BD42 /* DeleteBookshelf.swift */ = {isa = PBXFileReference; lastKnownFileType = sourcecode.swift; path = DeleteBookshelf.swift; sourceTree = "<group>"; };
		B7C23645284B93BD0065BD42 /* Notification+Extension.swift */ = {isa = PBXFileReference; lastKnownFileType = sourcecode.swift; path = "Notification+Extension.swift"; sourceTree = "<group>"; };
		B7C23648284B99E60065BD42 /* UpdateBookshelfUseCaseProtocol.swift */ = {isa = PBXFileReference; lastKnownFileType = sourcecode.swift; path = UpdateBookshelfUseCaseProtocol.swift; sourceTree = "<group>"; };
		B7C2364A284B9CB30065BD42 /* UpdateBookshelfUseCase.swift */ = {isa = PBXFileReference; lastKnownFileType = sourcecode.swift; path = UpdateBookshelfUseCase.swift; sourceTree = "<group>"; };
		B7C2364C284BA6580065BD42 /* BookshelfListViewModel.swift */ = {isa = PBXFileReference; lastKnownFileType = sourcecode.swift; path = BookshelfListViewModel.swift; sourceTree = "<group>"; };
		B7C79591286AE9AE0042B1AC /* UIViewController+Extension.swift */ = {isa = PBXFileReference; lastKnownFileType = sourcecode.swift; path = "UIViewController+Extension.swift"; sourceTree = "<group>"; };
		B7C79595286B18B90042B1AC /* BookModelTests.swift */ = {isa = PBXFileReference; lastKnownFileType = sourcecode.swift; path = BookModelTests.swift; sourceTree = "<group>"; };
		B7C79597286B1D050042B1AC /* BooksModelTests.swift */ = {isa = PBXFileReference; lastKnownFileType = sourcecode.swift; path = BooksModelTests.swift; sourceTree = "<group>"; };
		B7C79599286B1DB20042B1AC /* BookshelfModelTests.swift */ = {isa = PBXFileReference; lastKnownFileType = sourcecode.swift; path = BookshelfModelTests.swift; sourceTree = "<group>"; };
		B7C7959C286B1EE10042B1AC /* BookFactory.swift */ = {isa = PBXFileReference; lastKnownFileType = sourcecode.swift; path = BookFactory.swift; sourceTree = "<group>"; };
		B7C795A1286B1FB70042B1AC /* BookViewModelTests.swift */ = {isa = PBXFileReference; lastKnownFileType = sourcecode.swift; path = BookViewModelTests.swift; sourceTree = "<group>"; };
		B7C795A3286B22080042B1AC /* BookshelvesViewModelTests.swift */ = {isa = PBXFileReference; lastKnownFileType = sourcecode.swift; path = BookshelvesViewModelTests.swift; sourceTree = "<group>"; };
		B7CDDBB127CE28F500C47E63 /* BookTableViewCell.swift */ = {isa = PBXFileReference; lastKnownFileType = sourcecode.swift; path = BookTableViewCell.swift; sourceTree = "<group>"; };
		B7CDDBB527CE2CAE00C47E63 /* RatingView.swift */ = {isa = PBXFileReference; lastKnownFileType = sourcecode.swift; path = RatingView.swift; sourceTree = "<group>"; };
		B7CDDBB727CE520200C47E63 /* BooksViewModel.swift */ = {isa = PBXFileReference; lastKnownFileType = sourcecode.swift; path = BooksViewModel.swift; sourceTree = "<group>"; };
		B7CDDBBD27CF875100C47E63 /* SearchResultPresentable.swift */ = {isa = PBXFileReference; lastKnownFileType = sourcecode.swift; path = SearchResultPresentable.swift; sourceTree = "<group>"; };
		B7CDDBBF27CF8C1F00C47E63 /* String+Extension.swift */ = {isa = PBXFileReference; lastKnownFileType = sourcecode.swift; path = "String+Extension.swift"; sourceTree = "<group>"; };
		B7D5FDF5286C5B8F000460E9 /* BookshelfViewModelTests.swift */ = {isa = PBXFileReference; lastKnownFileType = sourcecode.swift; path = BookshelfViewModelTests.swift; sourceTree = "<group>"; };
		B7D5FDFA286C624B000460E9 /* CollectionViewLayoutFactory.swift */ = {isa = PBXFileReference; lastKnownFileType = sourcecode.swift; path = CollectionViewLayoutFactory.swift; sourceTree = "<group>"; };
		B7D5FDFC286C7F6D000460E9 /* HomeViewContainerView.swift */ = {isa = PBXFileReference; lastKnownFileType = sourcecode.swift; path = HomeViewContainerView.swift; sourceTree = "<group>"; };
		B7D5FDFE286C849B000460E9 /* HomeSearchView.swift */ = {isa = PBXFileReference; lastKnownFileType = sourcecode.swift; path = HomeSearchView.swift; sourceTree = "<group>"; };
		B7D5FE00286C8DB3000460E9 /* MainComposite.swift */ = {isa = PBXFileReference; lastKnownFileType = sourcecode.swift; path = MainComposite.swift; sourceTree = "<group>"; };
		B7E345AF27D328D300A86547 /* Bookshelf.swift */ = {isa = PBXFileReference; lastKnownFileType = sourcecode.swift; path = Bookshelf.swift; sourceTree = "<group>"; };
		B7E345B127D33CDE00A86547 /* BookshelfViewModel.swift */ = {isa = PBXFileReference; lastKnownFileType = sourcecode.swift; path = BookshelfViewModel.swift; sourceTree = "<group>"; };
		B7E345B327D33DFB00A86547 /* BookshelfCell.swift */ = {isa = PBXFileReference; lastKnownFileType = sourcecode.swift; path = BookshelfCell.swift; sourceTree = "<group>"; };
		B7E345B627D36B3D00A86547 /* BookshelfFooter.swift */ = {isa = PBXFileReference; lastKnownFileType = sourcecode.swift; path = BookshelfFooter.swift; sourceTree = "<group>"; };
		B7E345B827D3711900A86547 /* CreateBookshelfViewController.swift */ = {isa = PBXFileReference; lastKnownFileType = sourcecode.swift; path = CreateBookshelfViewController.swift; sourceTree = "<group>"; };
		B7E345BA27D37F9200A86547 /* PaddingTextField.swift */ = {isa = PBXFileReference; lastKnownFileType = sourcecode.swift; path = PaddingTextField.swift; sourceTree = "<group>"; };
		B7E345BC27D386E700A86547 /* DiskStorageService.swift */ = {isa = PBXFileReference; lastKnownFileType = sourcecode.swift; path = DiskStorageService.swift; sourceTree = "<group>"; };
		B7E345BE27D3882400A86547 /* StorageService.swift */ = {isa = PBXFileReference; lastKnownFileType = sourcecode.swift; path = StorageService.swift; sourceTree = "<group>"; };
		B7E6D7D02871CA99004962DE /* EmptyBookshelfCellTests.swift */ = {isa = PBXFileReference; lastKnownFileType = sourcecode.swift; path = EmptyBookshelfCellTests.swift; sourceTree = "<group>"; };
		B7E6D7D22871CC03004962DE /* BookshelfCollectionViewCellTests.swift */ = {isa = PBXFileReference; lastKnownFileType = sourcecode.swift; path = BookshelfCollectionViewCellTests.swift; sourceTree = "<group>"; };
		B7E6D7D42872B4F5004962DE /* CreateBookshelfViewTests.swift */ = {isa = PBXFileReference; lastKnownFileType = sourcecode.swift; path = CreateBookshelfViewTests.swift; sourceTree = "<group>"; };
		B7E6D7D72872BC85004962DE /* BookshelvesViewTests.swift */ = {isa = PBXFileReference; lastKnownFileType = sourcecode.swift; path = BookshelvesViewTests.swift; sourceTree = "<group>"; };
		B7E6D7DA2872C0AB004962DE /* BookshelfFooterTests.swift */ = {isa = PBXFileReference; lastKnownFileType = sourcecode.swift; path = BookshelfFooterTests.swift; sourceTree = "<group>"; };
		B7E6D7DC2872D67A004962DE /* BookshelfDetailViewModelTests.swift */ = {isa = PBXFileReference; lastKnownFileType = sourcecode.swift; path = BookshelfDetailViewModelTests.swift; sourceTree = "<group>"; };
		B7E6D7DE2872D759004962DE /* BookDetailCellTests.swift */ = {isa = PBXFileReference; lastKnownFileType = sourcecode.swift; path = BookDetailCellTests.swift; sourceTree = "<group>"; };
		B7E6D7E02872DC23004962DE /* BookHeaderTests.swift */ = {isa = PBXFileReference; lastKnownFileType = sourcecode.swift; path = BookHeaderTests.swift; sourceTree = "<group>"; };
		B7E6D7E22872E108004962DE /* BookshelfCellTests.swift */ = {isa = PBXFileReference; lastKnownFileType = sourcecode.swift; path = BookshelfCellTests.swift; sourceTree = "<group>"; };
		B7E6D7E42872E639004962DE /* BookshelfDetailViewTests.swift */ = {isa = PBXFileReference; lastKnownFileType = sourcecode.swift; path = BookshelfDetailViewTests.swift; sourceTree = "<group>"; };
		B7E6D7E72872E8BA004962DE /* PaddingTextFieldTests.swift */ = {isa = PBXFileReference; lastKnownFileType = sourcecode.swift; path = PaddingTextFieldTests.swift; sourceTree = "<group>"; };
		B7E6D7E92872EAB2004962DE /* ConstTests.swift */ = {isa = PBXFileReference; lastKnownFileType = sourcecode.swift; path = ConstTests.swift; sourceTree = "<group>"; };
		B7E6D8192873B462004962DE /* AnimationTests.swift */ = {isa = PBXFileReference; lastKnownFileType = sourcecode.swift; path = AnimationTests.swift; sourceTree = "<group>"; };
		B7E6D81E2873B8E9004962DE /* iTunesEndPointTests.swift */ = {isa = PBXFileReference; lastKnownFileType = sourcecode.swift; path = iTunesEndPointTests.swift; sourceTree = "<group>"; };
		B7E6D8202873BC3C004962DE /* iTunesAPIProviderTests.swift */ = {isa = PBXFileReference; lastKnownFileType = sourcecode.swift; path = iTunesAPIProviderTests.swift; sourceTree = "<group>"; };
		B7E6D8232873C54B004962DE /* BookshelfListViewModelTests.swift */ = {isa = PBXFileReference; lastKnownFileType = sourcecode.swift; path = BookshelfListViewModelTests.swift; sourceTree = "<group>"; };
/* End PBXFileReference section */

/* Begin PBXFrameworksBuildPhase section */
		B713B70527B7DEF500591981 /* Frameworks */ = {
			isa = PBXFrameworksBuildPhase;
			buildActionMask = 2147483647;
			files = (
				B7A4C40F2848E9AE000A9DB3 /* SDWebImage in Frameworks */,
				B7C23613284A48100065BD42 /* Swinject in Frameworks */,
			);
			runOnlyForDeploymentPostprocessing = 0;
		};
		B753518427E8A8BB00F4FE7D /* Frameworks */ = {
			isa = PBXFrameworksBuildPhase;
			buildActionMask = 2147483647;
			files = (
			);
			runOnlyForDeploymentPostprocessing = 0;
		};
/* End PBXFrameworksBuildPhase section */

/* Begin PBXGroup section */
		B705460527D080E1003630C4 /* Search */ = {
			isa = PBXGroup;
			children = (
				B705460827D08120003630C4 /* View Model */,
				B76F07E127BD108F00258A05 /* SearchResultViewController.swift */,
			);
			path = Search;
			sourceTree = "<group>";
		};
		B705460827D08120003630C4 /* View Model */ = {
			isa = PBXGroup;
			children = (
				B7CDDBB727CE520200C47E63 /* BooksViewModel.swift */,
			);
			path = "View Model";
			sourceTree = "<group>";
		};
		B705460B27D08612003630C4 /* HeaderFooter */ = {
			isa = PBXGroup;
			children = (
				B705460C27D0861D003630C4 /* BookHeader.swift */,
				B7E345B627D36B3D00A86547 /* BookshelfFooter.swift */,
			);
			path = HeaderFooter;
			sourceTree = "<group>";
		};
		B705461527D0EA29003630C4 /* App Delegates */ = {
			isa = PBXGroup;
			children = (
				B713B70B27B7DEF500591981 /* AppDelegate.swift */,
				B713B70D27B7DEF500591981 /* SceneDelegate.swift */,
				B7D5FE00286C8DB3000460E9 /* MainComposite.swift */,
			);
			path = "App Delegates";
			sourceTree = "<group>";
		};
		B706000527DF54E900A50EDE /* BookshelfListViewController */ = {
			isa = PBXGroup;
			children = (
				B7E345B127D33CDE00A86547 /* BookshelfViewModel.swift */,
				B753519227E9526C00F4FE7D /* View Model */,
				B706000627DF550F00A50EDE /* BookshelfListViewController.swift */,
			);
			path = BookshelfListViewController;
			sourceTree = "<group>";
		};
		B706000827DF5CD200A50EDE /* BookshelfDetailViewController */ = {
			isa = PBXGroup;
			children = (
				B753519027E9522500F4FE7D /* View Model */,
				B7C1FDE927DC4E36004EB3D1 /* BookshelfDetailViewController.swift */,
			);
			path = BookshelfDetailViewController;
			sourceTree = "<group>";
		};
		B7106C4127D8DFB4009648A0 /* Networking */ = {
			isa = PBXGroup;
			children = (
				B761BB50284C9FE3007BD1D8 /* Protocols */,
				B761BB4D284C9EFA007BD1D8 /* HTTPClient */,
				B76F07E527BD1EC500258A05 /* Endpoints */,
				B7106C4227D8DFB9009648A0 /* Provider */,
			);
			path = Networking;
			sourceTree = "<group>";
		};
		B7106C4227D8DFB9009648A0 /* Provider */ = {
			isa = PBXGroup;
			children = (
				B7106C4327D8DFCB009648A0 /* iTunesAPIProvider.swift */,
			);
			path = Provider;
			sourceTree = "<group>";
		};
		B7106C4527D9B687009648A0 /* Bookshelf */ = {
			isa = PBXGroup;
			children = (
				B753519427E9529800F4FE7D /* CreateBookshelfViewController */,
				B753519127E9523500F4FE7D /* BookshelvesViewController */,
				B706000827DF5CD200A50EDE /* BookshelfDetailViewController */,
				B706000527DF54E900A50EDE /* BookshelfListViewController */,
			);
			path = Bookshelf;
			sourceTree = "<group>";
		};
		B713B6FF27B7DEF400591981 = {
			isa = PBXGroup;
			children = (
				B7A3E189284DDF540047F563 /* README.md */,
				B761BB6C284DDC91007BD1D8 /* Screenshots */,
				B713B70A27B7DEF500591981 /* Beam Light */,
				B753518827E8A8BB00F4FE7D /* Beam LightTests */,
				B713B70927B7DEF500591981 /* Products */,
			);
			sourceTree = "<group>";
		};
		B713B70927B7DEF500591981 /* Products */ = {
			isa = PBXGroup;
			children = (
				B713B70827B7DEF500591981 /* Beam Light.app */,
				B753518727E8A8BB00F4FE7D /* Beam LightTests.xctest */,
			);
			name = Products;
			sourceTree = "<group>";
		};
		B713B70A27B7DEF500591981 /* Beam Light */ = {
			isa = PBXGroup;
			children = (
				B7D5FDF9286C623F000460E9 /* Factory */,
				B7C23614284A48190065BD42 /* DI */,
				B7A4C40B2848E6AA000A9DB3 /* Support Files */,
				B705461527D0EA29003630C4 /* App Delegates */,
				B7A4C4102848E9C2000A9DB3 /* UI */,
				B7A4C4122848EBF9000A9DB3 /* Domain */,
				B7106C4127D8DFB4009648A0 /* Networking */,
				B76F07DC27BD050900258A05 /* Extensions */,
				B7A4C40C2848E8D1000A9DB3 /* Utlis */,
				B76F07D627BD027500258A05 /* Protocols */,
			);
			path = "Beam Light";
			sourceTree = "<group>";
		};
		B753518827E8A8BB00F4FE7D /* Beam LightTests */ = {
			isa = PBXGroup;
			children = (
				B7E6D81B2873B8C4004962DE /* Provider */,
				B7E6D7E62872E89C004962DE /* Shared */,
				B7E6D7D62872BC6F004962DE /* BookshelvesVIew */,
				B78051CC286F1AEB00BAD2B6 /* Composition */,
				B7D5FDF3286C5B77000460E9 /* BookshelfView */,
				B7C7959F286B1FA50042B1AC /* HomeView */,
				B7C7959E286B1F900042B1AC /* Helpers */,
				B7C79593286B18A60042B1AC /* Domain */,
				B761BB63284DBD4C007BD1D8 /* Data */,
			);
			path = "Beam LightTests";
			sourceTree = "<group>";
		};
		B753519027E9522500F4FE7D /* View Model */ = {
			isa = PBXGroup;
			children = (
				B706000927DF5CE500A50EDE /* BookshelfDetailViewModel.swift */,
			);
			path = "View Model";
			sourceTree = "<group>";
		};
		B753519127E9523500F4FE7D /* BookshelvesViewController */ = {
			isa = PBXGroup;
			children = (
				B76F07CF27BCE4F000258A05 /* BookshelvesViewController.swift */,
			);
			path = BookshelvesViewController;
			sourceTree = "<group>";
		};
		B753519227E9526C00F4FE7D /* View Model */ = {
			isa = PBXGroup;
			children = (
				B7C2364C284BA6580065BD42 /* BookshelfListViewModel.swift */,
			);
			path = "View Model";
			sourceTree = "<group>";
		};
		B753519327E9528700F4FE7D /* Book */ = {
			isa = PBXGroup;
			children = (
				B705460927D0812E003630C4 /* BookDetailViewController.swift */,
			);
			path = Book;
			sourceTree = "<group>";
		};
		B753519427E9529800F4FE7D /* CreateBookshelfViewController */ = {
			isa = PBXGroup;
			children = (
				B7E345B827D3711900A86547 /* CreateBookshelfViewController.swift */,
			);
			path = CreateBookshelfViewController;
			sourceTree = "<group>";
		};
		B761BB4D284C9EFA007BD1D8 /* HTTPClient */ = {
			isa = PBXGroup;
			children = (
				B76F07E827BD275800258A05 /* Types */,
				B761BB4E284C9F0A007BD1D8 /* HTTPClient.swift */,
			);
			path = HTTPClient;
			sourceTree = "<group>";
		};
		B761BB50284C9FE3007BD1D8 /* Protocols */ = {
			isa = PBXGroup;
			children = (
				B761BB53284CA28F007BD1D8 /* Endpoint.swift */,
			);
			path = Protocols;
			sourceTree = "<group>";
		};
		B761BB5B284D982D007BD1D8 /* Mock */ = {
			isa = PBXGroup;
			children = (
				B78051CF286F1BA400BAD2B6 /* UseCases */,
				B761BB5C284D983A007BD1D8 /* Data */,
			);
			path = Mock;
			sourceTree = "<group>";
		};
		B761BB5C284D983A007BD1D8 /* Data */ = {
			isa = PBXGroup;
			children = (
				B761BB5E284D985D007BD1D8 /* DiskStorage */,
				B761BB5D284D9858007BD1D8 /* DataSource */,
			);
			path = Data;
			sourceTree = "<group>";
		};
		B761BB5D284D9858007BD1D8 /* DataSource */ = {
			isa = PBXGroup;
			children = (
				B761BB61284D9C99007BD1D8 /* MockBookshelfDataSource.swift */,
			);
			path = DataSource;
			sourceTree = "<group>";
		};
		B761BB5E284D985D007BD1D8 /* DiskStorage */ = {
			isa = PBXGroup;
			children = (
				B761BB6A284DBDD6007BD1D8 /* MockDiskStorage.swift */,
			);
			path = DiskStorage;
			sourceTree = "<group>";
		};
		B761BB63284DBD4C007BD1D8 /* Data */ = {
			isa = PBXGroup;
			children = (
				B761BB64284DBD52007BD1D8 /* DataSource */,
			);
			path = Data;
			sourceTree = "<group>";
		};
		B761BB64284DBD52007BD1D8 /* DataSource */ = {
			isa = PBXGroup;
			children = (
				B761BB65284DBD55007BD1D8 /* DiskStorageDataSource */,
			);
			path = DataSource;
			sourceTree = "<group>";
		};
		B761BB65284DBD55007BD1D8 /* DiskStorageDataSource */ = {
			isa = PBXGroup;
			children = (
				B761BB68284DBD94007BD1D8 /* DiskStorageDataSourceTests.swift */,
			);
			path = DiskStorageDataSource;
			sourceTree = "<group>";
		};
		B761BB6C284DDC91007BD1D8 /* Screenshots */ = {
			isa = PBXGroup;
			children = (
				B7A3E18B284DE2BB0047F563 /* screens.png */,
				B7A3E18F284E0A990047F563 /* beam_light_Store_ICON.png */,
				B761BB6E284DDD36007BD1D8 /* 1.png */,
				B761BB6F284DDD36007BD1D8 /* 2.png */,
				B761BB71284DDD36007BD1D8 /* 3.png */,
				B761BB70284DDD36007BD1D8 /* 4.png */,
				B761BB6D284DDD36007BD1D8 /* 5.png */,
			);
			path = Screenshots;
			sourceTree = "<group>";
		};
		B76F07D127BD022800258A05 /* Views */ = {
			isa = PBXGroup;
			children = (
				B705460B27D08612003630C4 /* HeaderFooter */,
				B7CDDBB027CE28E500C47E63 /* Cells */,
				B7CDDBB527CE2CAE00C47E63 /* RatingView.swift */,
				B7E345BA27D37F9200A86547 /* PaddingTextField.swift */,
				B753518127E8285D00F4FE7D /* LoadingView.swift */,
				B7C2361C284AEDF80065BD42 /* EmptyBookshelfCreationView.swift */,
			);
			path = Views;
			sourceTree = "<group>";
		};
		B76F07D627BD027500258A05 /* Protocols */ = {
			isa = PBXGroup;
			children = (
				B772CD9127E2B9CD00D9B3C5 /* Analytics.swift */,
			);
			path = Protocols;
			sourceTree = "<group>";
		};
		B76F07D927BD045D00258A05 /* BaseController */ = {
			isa = PBXGroup;
			children = (
			);
			path = BaseController;
			sourceTree = "<group>";
		};
		B76F07DC27BD050900258A05 /* Extensions */ = {
			isa = PBXGroup;
			children = (
				B7CDDBBF27CF8C1F00C47E63 /* String+Extension.swift */,
				B7C23645284B93BD0065BD42 /* Notification+Extension.swift */,
				B7C79591286AE9AE0042B1AC /* UIViewController+Extension.swift */,
			);
			path = Extensions;
			sourceTree = "<group>";
		};
		B76F07E527BD1EC500258A05 /* Endpoints */ = {
			isa = PBXGroup;
			children = (
				B713E38327CCE14800315020 /* iTunesEndpoint.swift */,
			);
			path = Endpoints;
			sourceTree = "<group>";
		};
		B76F07E827BD275800258A05 /* Types */ = {
			isa = PBXGroup;
			children = (
				B76F07E927BD276300258A05 /* HTTPMethod.swift */,
				B76F07EB27BD286C00258A05 /* NetworkingError.swift */,
			);
			path = Types;
			sourceTree = "<group>";
		};
		B76F07F227BD2DF300258A05 /* Model */ = {
			isa = PBXGroup;
			children = (
				B713B71427B7DEF500591981 /* Beam_Light.xcdatamodeld */,
				B713E38527CCE33100315020 /* Book.swift */,
				B713E38727CCE41200315020 /* Books.swift */,
				B7E345AF27D328D300A86547 /* Bookshelf.swift */,
			);
			path = Model;
			sourceTree = "<group>";
		};
		B78051CC286F1AEB00BAD2B6 /* Composition */ = {
			isa = PBXGroup;
			children = (
				B78051CD286F1B0100BAD2B6 /* MainCompositeTests.swift */,
			);
			path = Composition;
			sourceTree = "<group>";
		};
		B78051CF286F1BA400BAD2B6 /* UseCases */ = {
			isa = PBXGroup;
			children = (
				B78051D0286F1BBD00BAD2B6 /* MockCreateBookshelfUseCase.swift */,
				B78051D2286F1BDF00BAD2B6 /* MockDeleteBookshelfUseCase.swift */,
				B78051D4286F1C1F00BAD2B6 /* MockUpdateBookshelfUseCase.swift */,
				B78051D6286F1C4700BAD2B6 /* MockGetAllBookshelfUseCase.swift */,
			);
			path = UseCases;
			sourceTree = "<group>";
		};
		B7A4C40B2848E6AA000A9DB3 /* Support Files */ = {
			isa = PBXGroup;
			children = (
				B713B71727B7DEF500591981 /* Assets.xcassets */,
				B713B71927B7DEF500591981 /* LaunchScreen.storyboard */,
				B713B71C27B7DEF500591981 /* Info.plist */,
			);
			path = "Support Files";
			sourceTree = "<group>";
		};
		B7A4C40C2848E8D1000A9DB3 /* Utlis */ = {
			isa = PBXGroup;
			children = (
				B76F07E327BD1B1400258A05 /* Const.swift */,
			);
			path = Utlis;
			sourceTree = "<group>";
		};
		B7A4C4102848E9C2000A9DB3 /* UI */ = {
			isa = PBXGroup;
			children = (
				B76F07CB27BCE33F00258A05 /* MainTabViewController.swift */,
				B7A4C4112848EB42000A9DB3 /* HomeView */,
				B7C23642284B82E50065BD42 /* Animation */,
				B7C23619284AEDAC0065BD42 /* Extensions */,
				B7A4C4132848EC1F000A9DB3 /* Protocols */,
				B76F07D127BD022800258A05 /* Views */,
				B753519327E9528700F4FE7D /* Book */,
				B76F07D927BD045D00258A05 /* BaseController */,
				B705460527D080E1003630C4 /* Search */,
				B7106C4527D9B687009648A0 /* Bookshelf */,
			);
			path = UI;
			sourceTree = "<group>";
		};
		B7A4C4112848EB42000A9DB3 /* HomeView */ = {
			isa = PBXGroup;
			children = (
				B7E6D7CD2871CA41004962DE /* View */,
				B7C1FDE227DAC46F004EB3D1 /* ViewModel */,
				B76F07CD27BCE4BF00258A05 /* HomeListView.swift */,
				B7D5FDFE286C849B000460E9 /* HomeSearchView.swift */,
				B7D5FDFC286C7F6D000460E9 /* HomeViewContainerView.swift */,
			);
			path = HomeView;
			sourceTree = "<group>";
		};
		B7A4C4122848EBF9000A9DB3 /* Domain */ = {
			isa = PBXGroup;
			children = (
				B7AA85CB2849CFA400F47B21 /* UseCases */,
				B7A4C4222848F6C2000A9DB3 /* Repositories */,
				B7A4C41E2848F5FD000A9DB3 /* Protocols */,
				B7A4C41B2848F51B000A9DB3 /* Errors */,
				B7A4C4182848F4BB000A9DB3 /* Data */,
				B76F07F227BD2DF300258A05 /* Model */,
			);
			path = Domain;
			sourceTree = "<group>";
		};
		B7A4C4132848EC1F000A9DB3 /* Protocols */ = {
			isa = PBXGroup;
			children = (
				B7CDDBBD27CF875100C47E63 /* SearchResultPresentable.swift */,
				B76F07D727BD027F00258A05 /* ReuseableView.swift */,
			);
			path = Protocols;
			sourceTree = "<group>";
		};
		B7A4C4182848F4BB000A9DB3 /* Data */ = {
			isa = PBXGroup;
			children = (
				B7A4C4282848F7AE000A9DB3 /* DataSources */,
				B7A4C4252848F77D000A9DB3 /* Errors */,
				B7A4C4192848F4D0000A9DB3 /* Protocols */,
				B7A4C41A2848F4DA000A9DB3 /* DiskStorage */,
			);
			path = Data;
			sourceTree = "<group>";
		};
		B7A4C4192848F4D0000A9DB3 /* Protocols */ = {
			isa = PBXGroup;
			children = (
				B7A4C4352848F964000A9DB3 /* Wrappers */,
				B7E345BE27D3882400A86547 /* StorageService.swift */,
				B7A4C42D2848F809000A9DB3 /* BookshelfDataSourceProtocol.swift */,
			);
			path = Protocols;
			sourceTree = "<group>";
		};
		B7A4C41A2848F4DA000A9DB3 /* DiskStorage */ = {
			isa = PBXGroup;
			children = (
				B7A4C4322848F92C000A9DB3 /* Wrappers */,
				B7E345BC27D386E700A86547 /* DiskStorageService.swift */,
				B7AA85C92849C07100F47B21 /* DiskStorage.swift */,
			);
			path = DiskStorage;
			sourceTree = "<group>";
		};
		B7A4C41B2848F51B000A9DB3 /* Errors */ = {
			isa = PBXGroup;
			children = (
				B7A4C41C2848F52A000A9DB3 /* StorageErrors.swift */,
			);
			path = Errors;
			sourceTree = "<group>";
		};
		B7A4C41E2848F5FD000A9DB3 /* Protocols */ = {
			isa = PBXGroup;
			children = (
				B7AA85CF2849CFE700F47B21 /* UseCases */,
				B7A4C41F2848F602000A9DB3 /* Repositories */,
			);
			path = Protocols;
			sourceTree = "<group>";
		};
		B7A4C41F2848F602000A9DB3 /* Repositories */ = {
			isa = PBXGroup;
			children = (
				B7A4C4202848F61C000A9DB3 /* BookshelfRepositoryProtocol.swift */,
			);
			path = Repositories;
			sourceTree = "<group>";
		};
		B7A4C4222848F6C2000A9DB3 /* Repositories */ = {
			isa = PBXGroup;
			children = (
				B7A4C4232848F6DC000A9DB3 /* BookshelfRepository.swift */,
			);
			path = Repositories;
			sourceTree = "<group>";
		};
		B7A4C4252848F77D000A9DB3 /* Errors */ = {
			isa = PBXGroup;
			children = (
				B7A4C4262848F78E000A9DB3 /* DiskStorageError.swift */,
			);
			path = Errors;
			sourceTree = "<group>";
		};
		B7A4C4282848F7AE000A9DB3 /* DataSources */ = {
			isa = PBXGroup;
			children = (
				B7A4C42A2848F7C5000A9DB3 /* DiskStorage */,
			);
			path = DataSources;
			sourceTree = "<group>";
		};
		B7A4C42A2848F7C5000A9DB3 /* DiskStorage */ = {
			isa = PBXGroup;
			children = (
				B7A4C4302848F878000A9DB3 /* DiskStorageBookshelfDataSource.swift */,
			);
			path = DiskStorage;
			sourceTree = "<group>";
		};
		B7A4C4322848F92C000A9DB3 /* Wrappers */ = {
			isa = PBXGroup;
			children = (
				B7A4C4332848F93E000A9DB3 /* DiskStorageWrapper.swift */,
			);
			path = Wrappers;
			sourceTree = "<group>";
		};
		B7A4C4352848F964000A9DB3 /* Wrappers */ = {
			isa = PBXGroup;
			children = (
				B7A4C4362848F97E000A9DB3 /* DiskStorageWrapperProtocol.swift */,
			);
			path = Wrappers;
			sourceTree = "<group>";
		};
		B7AA85CB2849CFA400F47B21 /* UseCases */ = {
			isa = PBXGroup;
			children = (
				B7AA85CC2849CFBB00F47B21 /* Bookshelf */,
			);
			path = UseCases;
			sourceTree = "<group>";
		};
		B7AA85CC2849CFBB00F47B21 /* Bookshelf */ = {
			isa = PBXGroup;
			children = (
				B7AA85CD2849CFC800F47B21 /* GetAllBookshelf.swift */,
				B7C2360D284A42660065BD42 /* CreateBookshelf.swift */,
				B7C2364A284B9CB30065BD42 /* UpdateBookshelfUseCase.swift */,
				B7C23620284AFB6B0065BD42 /* DeleteBookshelf.swift */,
			);
			path = Bookshelf;
			sourceTree = "<group>";
		};
		B7AA85CF2849CFE700F47B21 /* UseCases */ = {
			isa = PBXGroup;
			children = (
				B7AA85D02849CFEF00F47B21 /* Bookshelf */,
			);
			path = UseCases;
			sourceTree = "<group>";
		};
		B7AA85D02849CFEF00F47B21 /* Bookshelf */ = {
			isa = PBXGroup;
			children = (
				B7AA85D12849CFFF00F47B21 /* GetAllBookshelfUseCaseProtocol.swift */,
				B7C2360F284A428B0065BD42 /* CreateBookshelfUseCaseProtocol.swift */,
				B7C2361E284AFB320065BD42 /* DeleteBookshelfUseCaseProtocol.swift */,
				B7C23648284B99E60065BD42 /* UpdateBookshelfUseCaseProtocol.swift */,
			);
			path = Bookshelf;
			sourceTree = "<group>";
		};
		B7C1FDE227DAC46F004EB3D1 /* ViewModel */ = {
			isa = PBXGroup;
			children = (
				B7C1FDE327DAC477004EB3D1 /* BookshelvesViewModel.swift */,
				B753517F27E812F800F4FE7D /* BookViewModel.swift */,
			);
			path = ViewModel;
			sourceTree = "<group>";
		};
		B7C23614284A48190065BD42 /* DI */ = {
			isa = PBXGroup;
			children = (
				B7C23615284A482A0065BD42 /* BookshelfContainer.swift */,
				B7C23617284A4A090065BD42 /* Resolver.swift */,
			);
			path = DI;
			sourceTree = "<group>";
		};
		B7C23619284AEDAC0065BD42 /* Extensions */ = {
			isa = PBXGroup;
			children = (
				B761BB58284D6AF8007BD1D8 /* UIView+Extension.swift */,
				B76F07DF27BD0E3800258A05 /* UIVIewController+Extension.swift */,
			);
			path = Extensions;
			sourceTree = "<group>";
		};
		B7C23642284B82E50065BD42 /* Animation */ = {
			isa = PBXGroup;
			children = (
				B761BB56284D6A47007BD1D8 /* Animation.swift */,
			);
			path = Animation;
			sourceTree = "<group>";
		};
		B7C79593286B18A60042B1AC /* Domain */ = {
			isa = PBXGroup;
			children = (
				B7C79594286B18AA0042B1AC /* Models */,
			);
			path = Domain;
			sourceTree = "<group>";
		};
		B7C79594286B18AA0042B1AC /* Models */ = {
			isa = PBXGroup;
			children = (
				B7C79595286B18B90042B1AC /* BookModelTests.swift */,
				B7C79597286B1D050042B1AC /* BooksModelTests.swift */,
				B7C79599286B1DB20042B1AC /* BookshelfModelTests.swift */,
			);
			path = Models;
			sourceTree = "<group>";
		};
		B7C7959B286B1ECE0042B1AC /* Factory */ = {
			isa = PBXGroup;
			children = (
				B7C7959C286B1EE10042B1AC /* BookFactory.swift */,
			);
			path = Factory;
			sourceTree = "<group>";
		};
		B7C7959E286B1F900042B1AC /* Helpers */ = {
			isa = PBXGroup;
			children = (
				B761BB5B284D982D007BD1D8 /* Mock */,
				B7C7959B286B1ECE0042B1AC /* Factory */,
			);
			path = Helpers;
			sourceTree = "<group>";
		};
		B7C7959F286B1FA50042B1AC /* HomeView */ = {
			isa = PBXGroup;
			children = (
				B7E6D7CF2871CA79004962DE /* View */,
				B7E6D7CE2871CA71004962DE /* Controllers */,
				B7C795A0286B1FA90042B1AC /* ViewModel */,
			);
			path = HomeView;
			sourceTree = "<group>";
		};
		B7C795A0286B1FA90042B1AC /* ViewModel */ = {
			isa = PBXGroup;
			children = (
				B7C795A1286B1FB70042B1AC /* BookViewModelTests.swift */,
				B7C795A3286B22080042B1AC /* BookshelvesViewModelTests.swift */,
				B7E6D7DC2872D67A004962DE /* BookshelfDetailViewModelTests.swift */,
			);
			path = ViewModel;
			sourceTree = "<group>";
		};
		B7CDDBB027CE28E500C47E63 /* Cells */ = {
			isa = PBXGroup;
			children = (
				B7CDDBB127CE28F500C47E63 /* BookTableViewCell.swift */,
				B705461127D0C74D003630C4 /* BookDetailCell.swift */,
				B7E345B327D33DFB00A86547 /* BookshelfCell.swift */,
				B7C1FDE727DB5A74004EB3D1 /* BookCoverCell.swift */,
			);
			path = Cells;
			sourceTree = "<group>";
		};
		B7D5FDF3286C5B77000460E9 /* BookshelfView */ = {
			isa = PBXGroup;
			children = (
				B7D5FDF4286C5B81000460E9 /* ViewModel */,
			);
			path = BookshelfView;
			sourceTree = "<group>";
		};
		B7D5FDF4286C5B81000460E9 /* ViewModel */ = {
			isa = PBXGroup;
			children = (
				B7D5FDF5286C5B8F000460E9 /* BookshelfViewModelTests.swift */,
			);
			path = ViewModel;
			sourceTree = "<group>";
		};
		B7D5FDF9286C623F000460E9 /* Factory */ = {
			isa = PBXGroup;
			children = (
				B7D5FDFA286C624B000460E9 /* CollectionViewLayoutFactory.swift */,
			);
			path = Factory;
			sourceTree = "<group>";
		};
		B7E6D7CD2871CA41004962DE /* View */ = {
			isa = PBXGroup;
			children = (
				B7C1FDE527DAC829004EB3D1 /* BookshelfCollectionViewCell.swift */,
				B76F07D427BD026300258A05 /* EmptyBookshelvesCell.swift */,
			);
			path = View;
			sourceTree = "<group>";
		};
		B7E6D7CE2871CA71004962DE /* Controllers */ = {
			isa = PBXGroup;
			children = (
				B7E6D7D42872B4F5004962DE /* CreateBookshelfViewTests.swift */,
				B78051D8286F25A400BAD2B6 /* HomeContainerViewTests.swift */,
				B78051DA286F27A000BAD2B6 /* HomeSearchViewTests.swift */,
				B78051DC286F305300BAD2B6 /* HomeListViewTests.swift */,
				B78051DE2870393200BAD2B6 /* SearchResultViewTests.swift */,
				B78051E22870502500BAD2B6 /* BookDetailViewTests.swift */,
				B7E6D7E42872E639004962DE /* BookshelfDetailViewTests.swift */,
			);
			path = Controllers;
			sourceTree = "<group>";
		};
		B7E6D7CF2871CA79004962DE /* View */ = {
			isa = PBXGroup;
			children = (
				B7E6D7D02871CA99004962DE /* EmptyBookshelfCellTests.swift */,
				B7E6D7D22871CC03004962DE /* BookshelfCollectionViewCellTests.swift */,
				B7E6D7DE2872D759004962DE /* BookDetailCellTests.swift */,
				B7E6D7E02872DC23004962DE /* BookHeaderTests.swift */,
			);
			path = View;
			sourceTree = "<group>";
		};
		B7E6D7D62872BC6F004962DE /* BookshelvesVIew */ = {
			isa = PBXGroup;
			children = (
				B7E6D8222873C53D004962DE /* ViewModel */,
				B7E6D7D92872C09C004962DE /* View */,
				B7E6D7D72872BC85004962DE /* BookshelvesViewTests.swift */,
			);
			path = BookshelvesVIew;
			sourceTree = "<group>";
		};
		B7E6D7D92872C09C004962DE /* View */ = {
			isa = PBXGroup;
			children = (
				B7E6D7DA2872C0AB004962DE /* BookshelfFooterTests.swift */,
				B7E6D7E22872E108004962DE /* BookshelfCellTests.swift */,
			);
			path = View;
			sourceTree = "<group>";
		};
		B7E6D7E62872E89C004962DE /* Shared */ = {
			isa = PBXGroup;
			children = (
				B7E6D7E72872E8BA004962DE /* PaddingTextFieldTests.swift */,
				B7E6D7E92872EAB2004962DE /* ConstTests.swift */,
				B7E6D8192873B462004962DE /* AnimationTests.swift */,
			);
			path = Shared;
			sourceTree = "<group>";
		};
		B7E6D81B2873B8C4004962DE /* Provider */ = {
			isa = PBXGroup;
			children = (
				B7E6D81E2873B8E9004962DE /* iTunesEndPointTests.swift */,
				B7E6D8202873BC3C004962DE /* iTunesAPIProviderTests.swift */,
			);
			path = Provider;
			sourceTree = "<group>";
		};
		B7E6D8222873C53D004962DE /* ViewModel */ = {
			isa = PBXGroup;
			children = (
				B7E6D8232873C54B004962DE /* BookshelfListViewModelTests.swift */,
			);
			path = ViewModel;
			sourceTree = "<group>";
		};
/* End PBXGroup section */

/* Begin PBXNativeTarget section */
		B713B70727B7DEF500591981 /* Beam Light */ = {
			isa = PBXNativeTarget;
			buildConfigurationList = B713B71F27B7DEF500591981 /* Build configuration list for PBXNativeTarget "Beam Light" */;
			buildPhases = (
				B713B70427B7DEF500591981 /* Sources */,
				B713B70527B7DEF500591981 /* Frameworks */,
				B713B70627B7DEF500591981 /* Resources */,
			);
			buildRules = (
			);
			dependencies = (
			);
			name = "Beam Light";
			packageProductDependencies = (
				B7A4C40E2848E9AE000A9DB3 /* SDWebImage */,
				B7C23612284A48100065BD42 /* Swinject */,
			);
			productName = "Beam Light";
			productReference = B713B70827B7DEF500591981 /* Beam Light.app */;
			productType = "com.apple.product-type.application";
		};
		B753518627E8A8BB00F4FE7D /* Beam LightTests */ = {
			isa = PBXNativeTarget;
			buildConfigurationList = B753518D27E8A8BB00F4FE7D /* Build configuration list for PBXNativeTarget "Beam LightTests" */;
			buildPhases = (
				B753518327E8A8BB00F4FE7D /* Sources */,
				B753518427E8A8BB00F4FE7D /* Frameworks */,
				B753518527E8A8BB00F4FE7D /* Resources */,
			);
			buildRules = (
			);
			dependencies = (
				B753518C27E8A8BB00F4FE7D /* PBXTargetDependency */,
			);
			name = "Beam LightTests";
			productName = "Beam LightTests";
			productReference = B753518727E8A8BB00F4FE7D /* Beam LightTests.xctest */;
			productType = "com.apple.product-type.bundle.unit-test";
		};
/* End PBXNativeTarget section */

/* Begin PBXProject section */
		B713B70027B7DEF400591981 /* Project object */ = {
			isa = PBXProject;
			attributes = {
				BuildIndependentTargetsInParallel = 1;
				LastSwiftUpdateCheck = 1330;
				LastUpgradeCheck = 1320;
				TargetAttributes = {
					B713B70727B7DEF500591981 = {
						CreatedOnToolsVersion = 13.2.1;
					};
					B753518627E8A8BB00F4FE7D = {
						CreatedOnToolsVersion = 13.3;
						TestTargetID = B713B70727B7DEF500591981;
					};
				};
			};
			buildConfigurationList = B713B70327B7DEF400591981 /* Build configuration list for PBXProject "Beam Light" */;
			compatibilityVersion = "Xcode 13.0";
			developmentRegion = en;
			hasScannedForEncodings = 0;
			knownRegions = (
				en,
				Base,
			);
			mainGroup = B713B6FF27B7DEF400591981;
			packageReferences = (
				B7A4C40D2848E9AE000A9DB3 /* XCRemoteSwiftPackageReference "SDWebImage" */,
				B7C23611284A48100065BD42 /* XCRemoteSwiftPackageReference "Swinject" */,
			);
			productRefGroup = B713B70927B7DEF500591981 /* Products */;
			projectDirPath = "";
			projectRoot = "";
			targets = (
				B713B70727B7DEF500591981 /* Beam Light */,
				B753518627E8A8BB00F4FE7D /* Beam LightTests */,
			);
		};
/* End PBXProject section */

/* Begin PBXResourcesBuildPhase section */
		B713B70627B7DEF500591981 /* Resources */ = {
			isa = PBXResourcesBuildPhase;
			buildActionMask = 2147483647;
			files = (
				B761BB75284DDD36007BD1D8 /* 4.png in Resources */,
				B761BB72284DDD36007BD1D8 /* 5.png in Resources */,
				B7A3E190284E0A990047F563 /* beam_light_Store_ICON.png in Resources */,
				B761BB73284DDD36007BD1D8 /* 1.png in Resources */,
				B761BB74284DDD36007BD1D8 /* 2.png in Resources */,
				B713B71B27B7DEF500591981 /* LaunchScreen.storyboard in Resources */,
				B761BB76284DDD36007BD1D8 /* 3.png in Resources */,
				B7A3E18A284DDF540047F563 /* README.md in Resources */,
				B7A3E18C284DE2BB0047F563 /* screens.png in Resources */,
				B713B71827B7DEF500591981 /* Assets.xcassets in Resources */,
			);
			runOnlyForDeploymentPostprocessing = 0;
		};
		B753518527E8A8BB00F4FE7D /* Resources */ = {
			isa = PBXResourcesBuildPhase;
			buildActionMask = 2147483647;
			files = (
			);
			runOnlyForDeploymentPostprocessing = 0;
		};
/* End PBXResourcesBuildPhase section */

/* Begin PBXSourcesBuildPhase section */
		B713B70427B7DEF500591981 /* Sources */ = {
			isa = PBXSourcesBuildPhase;
			buildActionMask = 2147483647;
			files = (
				B76F07E027BD0E3800258A05 /* UIVIewController+Extension.swift in Sources */,
				B7D5FDFB286C624B000460E9 /* CollectionViewLayoutFactory.swift in Sources */,
				B7C2360E284A42660065BD42 /* CreateBookshelf.swift in Sources */,
				B7106C4427D8DFCB009648A0 /* iTunesAPIProvider.swift in Sources */,
				B7C1FDE627DAC829004EB3D1 /* BookshelfCollectionViewCell.swift in Sources */,
				B76F07CC27BCE34000258A05 /* MainTabViewController.swift in Sources */,
				B7A4C4342848F93E000A9DB3 /* DiskStorageWrapper.swift in Sources */,
				B7CDDBBE27CF875100C47E63 /* SearchResultPresentable.swift in Sources */,
				B7AA85CE2849CFC800F47B21 /* GetAllBookshelf.swift in Sources */,
				B76F07D527BD026300258A05 /* EmptyBookshelvesCell.swift in Sources */,
				B7CDDBB227CE28F500C47E63 /* BookTableViewCell.swift in Sources */,
				B7D5FE01286C8DB3000460E9 /* MainComposite.swift in Sources */,
				B7C2361F284AFB320065BD42 /* DeleteBookshelfUseCaseProtocol.swift in Sources */,
				B76F07EC27BD286C00258A05 /* NetworkingError.swift in Sources */,
				B7CDDBC027CF8C1F00C47E63 /* String+Extension.swift in Sources */,
				B761BB57284D6A47007BD1D8 /* Animation.swift in Sources */,
				B761BB54284CA28F007BD1D8 /* Endpoint.swift in Sources */,
				B7E345BB27D37F9200A86547 /* PaddingTextField.swift in Sources */,
				B761BB4F284C9F0A007BD1D8 /* HTTPClient.swift in Sources */,
				B7C2361D284AEDF80065BD42 /* EmptyBookshelfCreationView.swift in Sources */,
				B753518027E812F800F4FE7D /* BookViewModel.swift in Sources */,
				B761BB59284D6AF8007BD1D8 /* UIView+Extension.swift in Sources */,
				B7C23616284A482A0065BD42 /* BookshelfContainer.swift in Sources */,
				B7CDDBB627CE2CAE00C47E63 /* RatingView.swift in Sources */,
				B7A4C4212848F61C000A9DB3 /* BookshelfRepositoryProtocol.swift in Sources */,
				B7E345BF27D3882400A86547 /* StorageService.swift in Sources */,
				B7A4C4312848F878000A9DB3 /* DiskStorageBookshelfDataSource.swift in Sources */,
				B713E38627CCE33100315020 /* Book.swift in Sources */,
				B713B70C27B7DEF500591981 /* AppDelegate.swift in Sources */,
				B705461227D0C74E003630C4 /* BookDetailCell.swift in Sources */,
				B76F07D027BCE4F000258A05 /* BookshelvesViewController.swift in Sources */,
				B7C23649284B99E60065BD42 /* UpdateBookshelfUseCaseProtocol.swift in Sources */,
				B7C1FDEA27DC4E36004EB3D1 /* BookshelfDetailViewController.swift in Sources */,
				B705460D27D0861D003630C4 /* BookHeader.swift in Sources */,
				B7A4C41D2848F52A000A9DB3 /* StorageErrors.swift in Sources */,
				B7E345B427D33DFB00A86547 /* BookshelfCell.swift in Sources */,
				B7A4C4272848F78E000A9DB3 /* DiskStorageError.swift in Sources */,
				B713E38827CCE41200315020 /* Books.swift in Sources */,
				B7E345B227D33CDE00A86547 /* BookshelfViewModel.swift in Sources */,
				B706000A27DF5CE500A50EDE /* BookshelfDetailViewModel.swift in Sources */,
				B7D5FDFF286C849B000460E9 /* HomeSearchView.swift in Sources */,
				B76F07E227BD108F00258A05 /* SearchResultViewController.swift in Sources */,
				B7AA85D22849CFFF00F47B21 /* GetAllBookshelfUseCaseProtocol.swift in Sources */,
				B713B70E27B7DEF500591981 /* SceneDelegate.swift in Sources */,
				B7C1FDE427DAC478004EB3D1 /* BookshelvesViewModel.swift in Sources */,
				B7A4C42E2848F809000A9DB3 /* BookshelfDataSourceProtocol.swift in Sources */,
				B753518227E8285D00F4FE7D /* LoadingView.swift in Sources */,
				B705460A27D0812E003630C4 /* BookDetailViewController.swift in Sources */,
				B7C23618284A4A090065BD42 /* Resolver.swift in Sources */,
				B7A4C4242848F6DC000A9DB3 /* BookshelfRepository.swift in Sources */,
				B7C23646284B93BE0065BD42 /* Notification+Extension.swift in Sources */,
				B7E345BD27D386E700A86547 /* DiskStorageService.swift in Sources */,
				B713E38427CCE14800315020 /* iTunesEndpoint.swift in Sources */,
				B7C2364D284BA6580065BD42 /* BookshelfListViewModel.swift in Sources */,
				B76F07D827BD027F00258A05 /* ReuseableView.swift in Sources */,
				B76F07EA27BD276300258A05 /* HTTPMethod.swift in Sources */,
				B7C23610284A428B0065BD42 /* CreateBookshelfUseCaseProtocol.swift in Sources */,
				B7C1FDE827DB5A74004EB3D1 /* BookCoverCell.swift in Sources */,
				B7AA85CA2849C07100F47B21 /* DiskStorage.swift in Sources */,
				B7E345B727D36B3D00A86547 /* BookshelfFooter.swift in Sources */,
				B7E345B027D328D300A86547 /* Bookshelf.swift in Sources */,
				B713B71627B7DEF500591981 /* Beam_Light.xcdatamodeld in Sources */,
				B76F07CE27BCE4BF00258A05 /* HomeListView.swift in Sources */,
				B7C79592286AE9AE0042B1AC /* UIViewController+Extension.swift in Sources */,
				B706000727DF550F00A50EDE /* BookshelfListViewController.swift in Sources */,
				B7C23621284AFB6B0065BD42 /* DeleteBookshelf.swift in Sources */,
				B7CDDBB827CE520200C47E63 /* BooksViewModel.swift in Sources */,
				B7E345B927D3711900A86547 /* CreateBookshelfViewController.swift in Sources */,
				B76F07E427BD1B1500258A05 /* Const.swift in Sources */,
				B7A4C4372848F97E000A9DB3 /* DiskStorageWrapperProtocol.swift in Sources */,
				B7D5FDFD286C7F6D000460E9 /* HomeViewContainerView.swift in Sources */,
				B7C2364B284B9CB30065BD42 /* UpdateBookshelfUseCase.swift in Sources */,
				B772CD9227E2B9CD00D9B3C5 /* Analytics.swift in Sources */,
			);
			runOnlyForDeploymentPostprocessing = 0;
		};
		B753518327E8A8BB00F4FE7D /* Sources */ = {
			isa = PBXSourcesBuildPhase;
			buildActionMask = 2147483647;
			files = (
				B761BB62284D9C99007BD1D8 /* MockBookshelfDataSource.swift in Sources */,
				B7E6D7D32871CC03004962DE /* BookshelfCollectionViewCellTests.swift in Sources */,
				B7E6D7E52872E639004962DE /* BookshelfDetailViewTests.swift in Sources */,
				B7E6D7D12871CA99004962DE /* EmptyBookshelfCellTests.swift in Sources */,
				B761BB69284DBD94007BD1D8 /* DiskStorageDataSourceTests.swift in Sources */,
				B7E6D7E12872DC23004962DE /* BookHeaderTests.swift in Sources */,
				B7E6D7DD2872D67A004962DE /* BookshelfDetailViewModelTests.swift in Sources */,
				B7E6D81F2873B8E9004962DE /* iTunesEndPointTests.swift in Sources */,
				B7E6D7DB2872C0AB004962DE /* BookshelfFooterTests.swift in Sources */,
				B78051DD286F305300BAD2B6 /* HomeListViewTests.swift in Sources */,
				B7E6D7E82872E8BA004962DE /* PaddingTextFieldTests.swift in Sources */,
				B78051E32870502500BAD2B6 /* BookDetailViewTests.swift in Sources */,
				B7E6D7E32872E108004962DE /* BookshelfCellTests.swift in Sources */,
				B7D5FDF6286C5B8F000460E9 /* BookshelfViewModelTests.swift in Sources */,
				B7C79596286B18BA0042B1AC /* BookModelTests.swift in Sources */,
				B78051DF2870393200BAD2B6 /* SearchResultViewTests.swift in Sources */,
				B7C7959A286B1DB20042B1AC /* BookshelfModelTests.swift in Sources */,
				B7C795A4286B22080042B1AC /* BookshelvesViewModelTests.swift in Sources */,
				B78051CE286F1B0100BAD2B6 /* MainCompositeTests.swift in Sources */,
				B7C7959D286B1EE10042B1AC /* BookFactory.swift in Sources */,
				B78051D7286F1C4700BAD2B6 /* MockGetAllBookshelfUseCase.swift in Sources */,
				B7E6D8242873C54B004962DE /* BookshelfListViewModelTests.swift in Sources */,
				B7C795A2286B1FB70042B1AC /* BookViewModelTests.swift in Sources */,
				B7E6D7D52872B4F5004962DE /* CreateBookshelfViewTests.swift in Sources */,
				B78051D1286F1BBD00BAD2B6 /* MockCreateBookshelfUseCase.swift in Sources */,
				B7E6D7EA2872EAB2004962DE /* ConstTests.swift in Sources */,
				B7C79598286B1D050042B1AC /* BooksModelTests.swift in Sources */,
				B7E6D7DF2872D759004962DE /* BookDetailCellTests.swift in Sources */,
				B78051DB286F27A000BAD2B6 /* HomeSearchViewTests.swift in Sources */,
				B78051D3286F1BDF00BAD2B6 /* MockDeleteBookshelfUseCase.swift in Sources */,
				B78051D9286F25A400BAD2B6 /* HomeContainerViewTests.swift in Sources */,
				B7E6D8212873BC3C004962DE /* iTunesAPIProviderTests.swift in Sources */,
				B7E6D81A2873B462004962DE /* AnimationTests.swift in Sources */,
				B761BB6B284DBDD6007BD1D8 /* MockDiskStorage.swift in Sources */,
				B78051D5286F1C1F00BAD2B6 /* MockUpdateBookshelfUseCase.swift in Sources */,
				B7E6D7D82872BC85004962DE /* BookshelvesViewTests.swift in Sources */,
			);
			runOnlyForDeploymentPostprocessing = 0;
		};
/* End PBXSourcesBuildPhase section */

/* Begin PBXTargetDependency section */
		B753518C27E8A8BB00F4FE7D /* PBXTargetDependency */ = {
			isa = PBXTargetDependency;
			target = B713B70727B7DEF500591981 /* Beam Light */;
			targetProxy = B753518B27E8A8BB00F4FE7D /* PBXContainerItemProxy */;
		};
/* End PBXTargetDependency section */

/* Begin PBXVariantGroup section */
		B713B71927B7DEF500591981 /* LaunchScreen.storyboard */ = {
			isa = PBXVariantGroup;
			children = (
				B713B71A27B7DEF500591981 /* Base */,
			);
			name = LaunchScreen.storyboard;
			sourceTree = "<group>";
		};
/* End PBXVariantGroup section */

/* Begin XCBuildConfiguration section */
		B713B71D27B7DEF500591981 /* Debug */ = {
			isa = XCBuildConfiguration;
			buildSettings = {
				ALWAYS_SEARCH_USER_PATHS = NO;
				CLANG_ANALYZER_NONNULL = YES;
				CLANG_ANALYZER_NUMBER_OBJECT_CONVERSION = YES_AGGRESSIVE;
				CLANG_CXX_LANGUAGE_STANDARD = "gnu++17";
				CLANG_CXX_LIBRARY = "libc++";
				CLANG_ENABLE_MODULES = YES;
				CLANG_ENABLE_OBJC_ARC = YES;
				CLANG_ENABLE_OBJC_WEAK = YES;
				CLANG_WARN_BLOCK_CAPTURE_AUTORELEASING = YES;
				CLANG_WARN_BOOL_CONVERSION = YES;
				CLANG_WARN_COMMA = YES;
				CLANG_WARN_CONSTANT_CONVERSION = YES;
				CLANG_WARN_DEPRECATED_OBJC_IMPLEMENTATIONS = YES;
				CLANG_WARN_DIRECT_OBJC_ISA_USAGE = YES_ERROR;
				CLANG_WARN_DOCUMENTATION_COMMENTS = YES;
				CLANG_WARN_EMPTY_BODY = YES;
				CLANG_WARN_ENUM_CONVERSION = YES;
				CLANG_WARN_INFINITE_RECURSION = YES;
				CLANG_WARN_INT_CONVERSION = YES;
				CLANG_WARN_NON_LITERAL_NULL_CONVERSION = YES;
				CLANG_WARN_OBJC_IMPLICIT_RETAIN_SELF = YES;
				CLANG_WARN_OBJC_LITERAL_CONVERSION = YES;
				CLANG_WARN_OBJC_ROOT_CLASS = YES_ERROR;
				CLANG_WARN_QUOTED_INCLUDE_IN_FRAMEWORK_HEADER = YES;
				CLANG_WARN_RANGE_LOOP_ANALYSIS = YES;
				CLANG_WARN_STRICT_PROTOTYPES = YES;
				CLANG_WARN_SUSPICIOUS_MOVE = YES;
				CLANG_WARN_UNGUARDED_AVAILABILITY = YES_AGGRESSIVE;
				CLANG_WARN_UNREACHABLE_CODE = YES;
				CLANG_WARN__DUPLICATE_METHOD_MATCH = YES;
				COPY_PHASE_STRIP = NO;
				DEBUG_INFORMATION_FORMAT = dwarf;
				ENABLE_STRICT_OBJC_MSGSEND = YES;
				ENABLE_TESTABILITY = YES;
				GCC_C_LANGUAGE_STANDARD = gnu11;
				GCC_DYNAMIC_NO_PIC = NO;
				GCC_NO_COMMON_BLOCKS = YES;
				GCC_OPTIMIZATION_LEVEL = 0;
				GCC_PREPROCESSOR_DEFINITIONS = (
					"DEBUG=1",
					"$(inherited)",
				);
				GCC_WARN_64_TO_32_BIT_CONVERSION = YES;
				GCC_WARN_ABOUT_RETURN_TYPE = YES_ERROR;
				GCC_WARN_UNDECLARED_SELECTOR = YES;
				GCC_WARN_UNINITIALIZED_AUTOS = YES_AGGRESSIVE;
				GCC_WARN_UNUSED_FUNCTION = YES;
				GCC_WARN_UNUSED_VARIABLE = YES;
				IPHONEOS_DEPLOYMENT_TARGET = 15.0;
				MTL_ENABLE_DEBUG_INFO = INCLUDE_SOURCE;
				MTL_FAST_MATH = YES;
				ONLY_ACTIVE_ARCH = YES;
				SDKROOT = iphoneos;
				SWIFT_ACTIVE_COMPILATION_CONDITIONS = DEBUG;
				SWIFT_OPTIMIZATION_LEVEL = "-Onone";
			};
			name = Debug;
		};
		B713B71E27B7DEF500591981 /* Release */ = {
			isa = XCBuildConfiguration;
			buildSettings = {
				ALWAYS_SEARCH_USER_PATHS = NO;
				CLANG_ANALYZER_NONNULL = YES;
				CLANG_ANALYZER_NUMBER_OBJECT_CONVERSION = YES_AGGRESSIVE;
				CLANG_CXX_LANGUAGE_STANDARD = "gnu++17";
				CLANG_CXX_LIBRARY = "libc++";
				CLANG_ENABLE_MODULES = YES;
				CLANG_ENABLE_OBJC_ARC = YES;
				CLANG_ENABLE_OBJC_WEAK = YES;
				CLANG_WARN_BLOCK_CAPTURE_AUTORELEASING = YES;
				CLANG_WARN_BOOL_CONVERSION = YES;
				CLANG_WARN_COMMA = YES;
				CLANG_WARN_CONSTANT_CONVERSION = YES;
				CLANG_WARN_DEPRECATED_OBJC_IMPLEMENTATIONS = YES;
				CLANG_WARN_DIRECT_OBJC_ISA_USAGE = YES_ERROR;
				CLANG_WARN_DOCUMENTATION_COMMENTS = YES;
				CLANG_WARN_EMPTY_BODY = YES;
				CLANG_WARN_ENUM_CONVERSION = YES;
				CLANG_WARN_INFINITE_RECURSION = YES;
				CLANG_WARN_INT_CONVERSION = YES;
				CLANG_WARN_NON_LITERAL_NULL_CONVERSION = YES;
				CLANG_WARN_OBJC_IMPLICIT_RETAIN_SELF = YES;
				CLANG_WARN_OBJC_LITERAL_CONVERSION = YES;
				CLANG_WARN_OBJC_ROOT_CLASS = YES_ERROR;
				CLANG_WARN_QUOTED_INCLUDE_IN_FRAMEWORK_HEADER = YES;
				CLANG_WARN_RANGE_LOOP_ANALYSIS = YES;
				CLANG_WARN_STRICT_PROTOTYPES = YES;
				CLANG_WARN_SUSPICIOUS_MOVE = YES;
				CLANG_WARN_UNGUARDED_AVAILABILITY = YES_AGGRESSIVE;
				CLANG_WARN_UNREACHABLE_CODE = YES;
				CLANG_WARN__DUPLICATE_METHOD_MATCH = YES;
				COPY_PHASE_STRIP = NO;
				DEBUG_INFORMATION_FORMAT = "dwarf-with-dsym";
				ENABLE_NS_ASSERTIONS = NO;
				ENABLE_STRICT_OBJC_MSGSEND = YES;
				GCC_C_LANGUAGE_STANDARD = gnu11;
				GCC_NO_COMMON_BLOCKS = YES;
				GCC_WARN_64_TO_32_BIT_CONVERSION = YES;
				GCC_WARN_ABOUT_RETURN_TYPE = YES_ERROR;
				GCC_WARN_UNDECLARED_SELECTOR = YES;
				GCC_WARN_UNINITIALIZED_AUTOS = YES_AGGRESSIVE;
				GCC_WARN_UNUSED_FUNCTION = YES;
				GCC_WARN_UNUSED_VARIABLE = YES;
				IPHONEOS_DEPLOYMENT_TARGET = 15.0;
				MTL_ENABLE_DEBUG_INFO = NO;
				MTL_FAST_MATH = YES;
				SDKROOT = iphoneos;
				SWIFT_COMPILATION_MODE = wholemodule;
				SWIFT_OPTIMIZATION_LEVEL = "-O";
				VALIDATE_PRODUCT = YES;
			};
			name = Release;
		};
		B713B72027B7DEF500591981 /* Debug */ = {
			isa = XCBuildConfiguration;
			buildSettings = {
				ASSETCATALOG_COMPILER_APPICON_NAME = AppIcon;
				ASSETCATALOG_COMPILER_GLOBAL_ACCENT_COLOR_NAME = AccentColor;
				CODE_SIGN_STYLE = Automatic;
				CURRENT_PROJECT_VERSION = 1;
				DEVELOPMENT_TEAM = 64TX422529;
				GENERATE_INFOPLIST_FILE = YES;
				INFOPLIST_FILE = "Beam Light/Support Files/Info.plist";
				INFOPLIST_KEY_UIApplicationSupportsIndirectInputEvents = YES;
				INFOPLIST_KEY_UILaunchStoryboardName = LaunchScreen;
				INFOPLIST_KEY_UISupportedInterfaceOrientations_iPad = "UIInterfaceOrientationPortrait UIInterfaceOrientationPortraitUpsideDown UIInterfaceOrientationLandscapeLeft UIInterfaceOrientationLandscapeRight";
				INFOPLIST_KEY_UISupportedInterfaceOrientations_iPhone = "UIInterfaceOrientationPortrait UIInterfaceOrientationLandscapeLeft UIInterfaceOrientationLandscapeRight";
				IPHONEOS_DEPLOYMENT_TARGET = 15.0;
				LD_RUNPATH_SEARCH_PATHS = (
					"$(inherited)",
					"@executable_path/Frameworks",
				);
				MARKETING_VERSION = 1.0;
				PRODUCT_BUNDLE_IDENTIFIER = "au.com.genggao.Beam-Light";
				PRODUCT_NAME = "$(TARGET_NAME)";
				SWIFT_EMIT_LOC_STRINGS = YES;
				SWIFT_VERSION = 5.0;
				TARGETED_DEVICE_FAMILY = 1;
			};
			name = Debug;
		};
		B713B72127B7DEF500591981 /* Release */ = {
			isa = XCBuildConfiguration;
			buildSettings = {
				ASSETCATALOG_COMPILER_APPICON_NAME = AppIcon;
				ASSETCATALOG_COMPILER_GLOBAL_ACCENT_COLOR_NAME = AccentColor;
				CODE_SIGN_STYLE = Automatic;
				CURRENT_PROJECT_VERSION = 1;
				DEVELOPMENT_TEAM = 64TX422529;
				GENERATE_INFOPLIST_FILE = YES;
				INFOPLIST_FILE = "Beam Light/Support Files/Info.plist";
				INFOPLIST_KEY_UIApplicationSupportsIndirectInputEvents = YES;
				INFOPLIST_KEY_UILaunchStoryboardName = LaunchScreen;
				INFOPLIST_KEY_UISupportedInterfaceOrientations_iPad = "UIInterfaceOrientationPortrait UIInterfaceOrientationPortraitUpsideDown UIInterfaceOrientationLandscapeLeft UIInterfaceOrientationLandscapeRight";
				INFOPLIST_KEY_UISupportedInterfaceOrientations_iPhone = "UIInterfaceOrientationPortrait UIInterfaceOrientationLandscapeLeft UIInterfaceOrientationLandscapeRight";
				IPHONEOS_DEPLOYMENT_TARGET = 15.0;
				LD_RUNPATH_SEARCH_PATHS = (
					"$(inherited)",
					"@executable_path/Frameworks",
				);
				MARKETING_VERSION = 1.0;
				PRODUCT_BUNDLE_IDENTIFIER = "au.com.genggao.Beam-Light";
				PRODUCT_NAME = "$(TARGET_NAME)";
				SWIFT_EMIT_LOC_STRINGS = YES;
				SWIFT_VERSION = 5.0;
				TARGETED_DEVICE_FAMILY = 1;
			};
			name = Release;
		};
		B753518E27E8A8BB00F4FE7D /* Debug */ = {
			isa = XCBuildConfiguration;
			buildSettings = {
				BUNDLE_LOADER = "$(TEST_HOST)";
				CODE_SIGN_STYLE = Automatic;
				CURRENT_PROJECT_VERSION = 1;
				DEVELOPMENT_TEAM = 64TX422529;
				GENERATE_INFOPLIST_FILE = YES;
				IPHONEOS_DEPLOYMENT_TARGET = 15.4;
				MARKETING_VERSION = 1.0;
				PRODUCT_BUNDLE_IDENTIFIER = "au.com.genggao.Beam-LightTests";
				PRODUCT_NAME = "$(TARGET_NAME)";
				SWIFT_EMIT_LOC_STRINGS = NO;
				SWIFT_VERSION = 5.0;
				TARGETED_DEVICE_FAMILY = "1,2";
				TEST_HOST = "$(BUILT_PRODUCTS_DIR)/Beam Light.app/Beam Light";
			};
			name = Debug;
		};
		B753518F27E8A8BB00F4FE7D /* Release */ = {
			isa = XCBuildConfiguration;
			buildSettings = {
				BUNDLE_LOADER = "$(TEST_HOST)";
				CODE_SIGN_STYLE = Automatic;
				CURRENT_PROJECT_VERSION = 1;
				DEVELOPMENT_TEAM = 64TX422529;
				GENERATE_INFOPLIST_FILE = YES;
				IPHONEOS_DEPLOYMENT_TARGET = 15.4;
				MARKETING_VERSION = 1.0;
				PRODUCT_BUNDLE_IDENTIFIER = "au.com.genggao.Beam-LightTests";
				PRODUCT_NAME = "$(TARGET_NAME)";
				SWIFT_EMIT_LOC_STRINGS = NO;
				SWIFT_VERSION = 5.0;
				TARGETED_DEVICE_FAMILY = "1,2";
				TEST_HOST = "$(BUILT_PRODUCTS_DIR)/Beam Light.app/Beam Light";
			};
			name = Release;
		};
/* End XCBuildConfiguration section */

/* Begin XCConfigurationList section */
		B713B70327B7DEF400591981 /* Build configuration list for PBXProject "Beam Light" */ = {
			isa = XCConfigurationList;
			buildConfigurations = (
				B713B71D27B7DEF500591981 /* Debug */,
				B713B71E27B7DEF500591981 /* Release */,
			);
			defaultConfigurationIsVisible = 0;
			defaultConfigurationName = Release;
		};
		B713B71F27B7DEF500591981 /* Build configuration list for PBXNativeTarget "Beam Light" */ = {
			isa = XCConfigurationList;
			buildConfigurations = (
				B713B72027B7DEF500591981 /* Debug */,
				B713B72127B7DEF500591981 /* Release */,
			);
			defaultConfigurationIsVisible = 0;
			defaultConfigurationName = Release;
		};
		B753518D27E8A8BB00F4FE7D /* Build configuration list for PBXNativeTarget "Beam LightTests" */ = {
			isa = XCConfigurationList;
			buildConfigurations = (
				B753518E27E8A8BB00F4FE7D /* Debug */,
				B753518F27E8A8BB00F4FE7D /* Release */,
			);
			defaultConfigurationIsVisible = 0;
			defaultConfigurationName = Release;
		};
/* End XCConfigurationList section */

/* Begin XCRemoteSwiftPackageReference section */
		B7A4C40D2848E9AE000A9DB3 /* XCRemoteSwiftPackageReference "SDWebImage" */ = {
			isa = XCRemoteSwiftPackageReference;
			repositoryURL = "https://github.com/SDWebImage/SDWebImage";
			requirement = {
				branch = master;
				kind = branch;
			};
		};
		B7C23611284A48100065BD42 /* XCRemoteSwiftPackageReference "Swinject" */ = {
			isa = XCRemoteSwiftPackageReference;
			repositoryURL = "https://github.com/Swinject/Swinject.git";
			requirement = {
				kind = upToNextMajorVersion;
				minimumVersion = 2.0.0;
			};
		};
/* End XCRemoteSwiftPackageReference section */

/* Begin XCSwiftPackageProductDependency section */
		B7A4C40E2848E9AE000A9DB3 /* SDWebImage */ = {
			isa = XCSwiftPackageProductDependency;
			package = B7A4C40D2848E9AE000A9DB3 /* XCRemoteSwiftPackageReference "SDWebImage" */;
			productName = SDWebImage;
		};
		B7C23612284A48100065BD42 /* Swinject */ = {
			isa = XCSwiftPackageProductDependency;
			package = B7C23611284A48100065BD42 /* XCRemoteSwiftPackageReference "Swinject" */;
			productName = Swinject;
		};
/* End XCSwiftPackageProductDependency section */

/* Begin XCVersionGroup section */
		B713B71427B7DEF500591981 /* Beam_Light.xcdatamodeld */ = {
			isa = XCVersionGroup;
			children = (
				B713B71527B7DEF500591981 /* Beam_Light.xcdatamodel */,
			);
			currentVersion = B713B71527B7DEF500591981 /* Beam_Light.xcdatamodel */;
			path = Beam_Light.xcdatamodeld;
			sourceTree = "<group>";
			versionGroupType = wrapper.xcdatamodel;
		};
/* End XCVersionGroup section */
	};
	rootObject = B713B70027B7DEF400591981 /* Project object */;
}
